// !$*UTF8*$!
{
	archiveVersion = 1;
	classes = {
	};
	objectVersion = 56;
	objects = {

/* Begin PBXBuildFile section */
		427C17EF2BD311B500955B98 /* Assets.xcassets in Resources */ = {isa = PBXBuildFile; fileRef = 427C17EE2BD311B500955B98 /* Assets.xcassets */; };
		427C17F22BD311B500955B98 /* Preview Assets.xcassets in Resources */ = {isa = PBXBuildFile; fileRef = 427C17F12BD311B500955B98 /* Preview Assets.xcassets */; };
		427C17FD2BD311B500955B98 /* Leader_KeyTests.swift in Sources */ = {isa = PBXBuildFile; fileRef = 427C17FC2BD311B500955B98 /* Leader_KeyTests.swift */; };
		427C18072BD311B500955B98 /* Leader_KeyUITests.swift in Sources */ = {isa = PBXBuildFile; fileRef = 427C18062BD311B500955B98 /* Leader_KeyUITests.swift */; };
		427C18092BD311B500955B98 /* Leader_KeyUITestsLaunchTests.swift in Sources */ = {isa = PBXBuildFile; fileRef = 427C18082BD311B500955B98 /* Leader_KeyUITestsLaunchTests.swift */; };
		427C18172BD311ED00955B98 /* KeyboardShortcuts in Frameworks */ = {isa = PBXBuildFile; productRef = 427C18162BD311ED00955B98 /* KeyboardShortcuts */; };
		427C181A2BD3123C00955B98 /* Defaults in Frameworks */ = {isa = PBXBuildFile; productRef = 427C18192BD3123C00955B98 /* Defaults */; };
		427C181C2BD314B500955B98 /* Constants.swift in Sources */ = {isa = PBXBuildFile; fileRef = 427C181B2BD314B500955B98 /* Constants.swift */; };
		427C18202BD31C3D00955B98 /* AppDelegate.swift in Sources */ = {isa = PBXBuildFile; fileRef = 427C181F2BD31C3D00955B98 /* AppDelegate.swift */; };
		427C18232BD31DF100955B98 /* Settings in Frameworks */ = {isa = PBXBuildFile; productRef = 427C18222BD31DF100955B98 /* Settings */; };
		427C18282BD31E2E00955B98 /* GeneralPane.swift in Sources */ = {isa = PBXBuildFile; fileRef = 427C18242BD31E2E00955B98 /* GeneralPane.swift */; };
		427C18292BD31E2E00955B98 /* Window.swift in Sources */ = {isa = PBXBuildFile; fileRef = 427C18252BD31E2E00955B98 /* Window.swift */; };
		427C182A2BD31E2E00955B98 /* StatusItem.swift in Sources */ = {isa = PBXBuildFile; fileRef = 427C18262BD31E2E00955B98 /* StatusItem.swift */; };
		427C182B2BD31E2E00955B98 /* Controller.swift in Sources */ = {isa = PBXBuildFile; fileRef = 427C18272BD31E2E00955B98 /* Controller.swift */; };
		427C182D2BD31F9500955B98 /* Settings.swift in Sources */ = {isa = PBXBuildFile; fileRef = 427C182C2BD31F9500955B98 /* Settings.swift */; };
		427C182F2BD3206200955B98 /* UserState.swift in Sources */ = {isa = PBXBuildFile; fileRef = 427C182E2BD3206200955B98 /* UserState.swift */; };
		427C18312BD3209C00955B98 /* MainView.swift in Sources */ = {isa = PBXBuildFile; fileRef = 427C18302BD3209C00955B98 /* MainView.swift */; };
		427C18352BD3232200955B98 /* Main.storyboard in Resources */ = {isa = PBXBuildFile; fileRef = 427C18342BD3232200955B98 /* Main.storyboard */; };
		427C18382BD3262100955B98 /* VisualEffectBackground.swift in Sources */ = {isa = PBXBuildFile; fileRef = 427C18372BD3262100955B98 /* VisualEffectBackground.swift */; };
		427C183B2BD329F900955B98 /* UserConfig.swift in Sources */ = {isa = PBXBuildFile; fileRef = 427C183A2BD329F900955B98 /* UserConfig.swift */; };
		427C18482BD5B3FD00955B98 /* FileMonitor.swift in Sources */ = {isa = PBXBuildFile; fileRef = 427C18472BD5B3FD00955B98 /* FileMonitor.swift */; };
		427C184B2BD5C22400955B98 /* LaunchAtLogin in Frameworks */ = {isa = PBXBuildFile; productRef = 427C184A2BD5C22400955B98 /* LaunchAtLogin */; };
		427C184D2BD65C5C00955B98 /* Defaults.swift in Sources */ = {isa = PBXBuildFile; fileRef = 427C184C2BD65C5C00955B98 /* Defaults.swift */; };
		427C18502BD6652500955B98 /* Util.swift in Sources */ = {isa = PBXBuildFile; fileRef = 427C184F2BD6652500955B98 /* Util.swift */; };
		427C18542BD6E59300955B98 /* NSWindow+Animations.swift in Sources */ = {isa = PBXBuildFile; fileRef = 427C18532BD6E59300955B98 /* NSWindow+Animations.swift */; };
/* End PBXBuildFile section */

/* Begin PBXContainerItemProxy section */
		427C17F92BD311B500955B98 /* PBXContainerItemProxy */ = {
			isa = PBXContainerItemProxy;
			containerPortal = 427C17DF2BD311B400955B98 /* Project object */;
			proxyType = 1;
			remoteGlobalIDString = 427C17E62BD311B400955B98;
			remoteInfo = "Leader Key";
		};
		427C18032BD311B500955B98 /* PBXContainerItemProxy */ = {
			isa = PBXContainerItemProxy;
			containerPortal = 427C17DF2BD311B400955B98 /* Project object */;
			proxyType = 1;
			remoteGlobalIDString = 427C17E62BD311B400955B98;
			remoteInfo = "Leader Key";
		};
/* End PBXContainerItemProxy section */

/* Begin PBXFileReference section */
		427C17E72BD311B400955B98 /* Leader Key.app */ = {isa = PBXFileReference; explicitFileType = wrapper.application; includeInIndex = 0; path = "Leader Key.app"; sourceTree = BUILT_PRODUCTS_DIR; };
		427C17EE2BD311B500955B98 /* Assets.xcassets */ = {isa = PBXFileReference; lastKnownFileType = folder.assetcatalog; path = Assets.xcassets; sourceTree = "<group>"; };
		427C17F12BD311B500955B98 /* Preview Assets.xcassets */ = {isa = PBXFileReference; lastKnownFileType = folder.assetcatalog; path = "Preview Assets.xcassets"; sourceTree = "<group>"; };
		427C17F32BD311B500955B98 /* Leader_Key.entitlements */ = {isa = PBXFileReference; lastKnownFileType = text.plist.entitlements; path = Leader_Key.entitlements; sourceTree = "<group>"; };
		427C17F82BD311B500955B98 /* Leader KeyTests.xctest */ = {isa = PBXFileReference; explicitFileType = wrapper.cfbundle; includeInIndex = 0; path = "Leader KeyTests.xctest"; sourceTree = BUILT_PRODUCTS_DIR; };
		427C17FC2BD311B500955B98 /* Leader_KeyTests.swift */ = {isa = PBXFileReference; lastKnownFileType = sourcecode.swift; path = Leader_KeyTests.swift; sourceTree = "<group>"; };
		427C18022BD311B500955B98 /* Leader KeyUITests.xctest */ = {isa = PBXFileReference; explicitFileType = wrapper.cfbundle; includeInIndex = 0; path = "Leader KeyUITests.xctest"; sourceTree = BUILT_PRODUCTS_DIR; };
		427C18062BD311B500955B98 /* Leader_KeyUITests.swift */ = {isa = PBXFileReference; lastKnownFileType = sourcecode.swift; path = Leader_KeyUITests.swift; sourceTree = "<group>"; };
		427C18082BD311B500955B98 /* Leader_KeyUITestsLaunchTests.swift */ = {isa = PBXFileReference; lastKnownFileType = sourcecode.swift; path = Leader_KeyUITestsLaunchTests.swift; sourceTree = "<group>"; };
		427C181B2BD314B500955B98 /* Constants.swift */ = {isa = PBXFileReference; lastKnownFileType = sourcecode.swift; path = Constants.swift; sourceTree = "<group>"; };
		427C181F2BD31C3D00955B98 /* AppDelegate.swift */ = {isa = PBXFileReference; lastKnownFileType = sourcecode.swift; path = AppDelegate.swift; sourceTree = "<group>"; };
		427C18242BD31E2E00955B98 /* GeneralPane.swift */ = {isa = PBXFileReference; fileEncoding = 4; lastKnownFileType = sourcecode.swift; path = GeneralPane.swift; sourceTree = "<group>"; };
		427C18252BD31E2E00955B98 /* Window.swift */ = {isa = PBXFileReference; fileEncoding = 4; lastKnownFileType = sourcecode.swift; path = Window.swift; sourceTree = "<group>"; };
		427C18262BD31E2E00955B98 /* StatusItem.swift */ = {isa = PBXFileReference; fileEncoding = 4; lastKnownFileType = sourcecode.swift; path = StatusItem.swift; sourceTree = "<group>"; };
		427C18272BD31E2E00955B98 /* Controller.swift */ = {isa = PBXFileReference; fileEncoding = 4; lastKnownFileType = sourcecode.swift; path = Controller.swift; sourceTree = "<group>"; };
		427C182C2BD31F9500955B98 /* Settings.swift */ = {isa = PBXFileReference; lastKnownFileType = sourcecode.swift; path = Settings.swift; sourceTree = "<group>"; };
		427C182E2BD3206200955B98 /* UserState.swift */ = {isa = PBXFileReference; lastKnownFileType = sourcecode.swift; path = UserState.swift; sourceTree = "<group>"; };
		427C18302BD3209C00955B98 /* MainView.swift */ = {isa = PBXFileReference; lastKnownFileType = sourcecode.swift; path = MainView.swift; sourceTree = "<group>"; };
		427C18342BD3232200955B98 /* Main.storyboard */ = {isa = PBXFileReference; lastKnownFileType = file.storyboard; path = Main.storyboard; sourceTree = "<group>"; };
		427C18372BD3262100955B98 /* VisualEffectBackground.swift */ = {isa = PBXFileReference; fileEncoding = 4; lastKnownFileType = sourcecode.swift; path = VisualEffectBackground.swift; sourceTree = "<group>"; };
		427C183A2BD329F900955B98 /* UserConfig.swift */ = {isa = PBXFileReference; lastKnownFileType = sourcecode.swift; path = UserConfig.swift; sourceTree = "<group>"; };
		427C18472BD5B3FD00955B98 /* FileMonitor.swift */ = {isa = PBXFileReference; lastKnownFileType = sourcecode.swift; path = FileMonitor.swift; sourceTree = "<group>"; };
		427C184C2BD65C5C00955B98 /* Defaults.swift */ = {isa = PBXFileReference; lastKnownFileType = sourcecode.swift; path = Defaults.swift; sourceTree = "<group>"; };
		427C184F2BD6652500955B98 /* Util.swift */ = {isa = PBXFileReference; lastKnownFileType = sourcecode.swift; path = Util.swift; sourceTree = "<group>"; };
		427C18532BD6E59300955B98 /* NSWindow+Animations.swift */ = {isa = PBXFileReference; lastKnownFileType = sourcecode.swift; path = "NSWindow+Animations.swift"; sourceTree = "<group>"; };
/* End PBXFileReference section */

/* Begin PBXFrameworksBuildPhase section */
		427C17E42BD311B400955B98 /* Frameworks */ = {
			isa = PBXFrameworksBuildPhase;
			buildActionMask = 2147483647;
			files = (
				427C18232BD31DF100955B98 /* Settings in Frameworks */,
				427C181A2BD3123C00955B98 /* Defaults in Frameworks */,
				427C184B2BD5C22400955B98 /* LaunchAtLogin in Frameworks */,
				427C18172BD311ED00955B98 /* KeyboardShortcuts in Frameworks */,
			);
			runOnlyForDeploymentPostprocessing = 0;
		};
		427C17F52BD311B500955B98 /* Frameworks */ = {
			isa = PBXFrameworksBuildPhase;
			buildActionMask = 2147483647;
			files = (
			);
			runOnlyForDeploymentPostprocessing = 0;
		};
		427C17FF2BD311B500955B98 /* Frameworks */ = {
			isa = PBXFrameworksBuildPhase;
			buildActionMask = 2147483647;
			files = (
			);
			runOnlyForDeploymentPostprocessing = 0;
		};
/* End PBXFrameworksBuildPhase section */

/* Begin PBXGroup section */
		427C17DE2BD311B400955B98 = {
			isa = PBXGroup;
			children = (
				427C17E92BD311B400955B98 /* Leader Key */,
				427C17FB2BD311B500955B98 /* Leader KeyTests */,
				427C18052BD311B500955B98 /* Leader KeyUITests */,
				427C17E82BD311B400955B98 /* Products */,
			);
			sourceTree = "<group>";
		};
		427C17E82BD311B400955B98 /* Products */ = {
			isa = PBXGroup;
			children = (
				427C17E72BD311B400955B98 /* Leader Key.app */,
				427C17F82BD311B500955B98 /* Leader KeyTests.xctest */,
				427C18022BD311B500955B98 /* Leader KeyUITests.xctest */,
			);
			name = Products;
			sourceTree = "<group>";
		};
		427C17E92BD311B400955B98 /* Leader Key */ = {
			isa = PBXGroup;
			children = (
				427C181F2BD31C3D00955B98 /* AppDelegate.swift */,
				427C181B2BD314B500955B98 /* Constants.swift */,
				427C18272BD31E2E00955B98 /* Controller.swift */,
				427C184C2BD65C5C00955B98 /* Defaults.swift */,
				427C18472BD5B3FD00955B98 /* FileMonitor.swift */,
				427C18242BD31E2E00955B98 /* GeneralPane.swift */,
				427C18532BD6E59300955B98 /* NSWindow+Animations.swift */,
				427C18262BD31E2E00955B98 /* StatusItem.swift */,
				427C183A2BD329F900955B98 /* UserConfig.swift */,
				427C182E2BD3206200955B98 /* UserState.swift */,
				427C184F2BD6652500955B98 /* Util.swift */,
				427C18252BD31E2E00955B98 /* Window.swift */,
				427C17EE2BD311B500955B98 /* Assets.xcassets */,
				427C18362BD3243C00955B98 /* Support */,
				427C18392BD3268000955B98 /* Views */,
			);
			path = "Leader Key";
			sourceTree = "<group>";
		};
		427C17F02BD311B500955B98 /* Preview Content */ = {
			isa = PBXGroup;
			children = (
				427C17F12BD311B500955B98 /* Preview Assets.xcassets */,
			);
			path = "Preview Content";
			sourceTree = "<group>";
		};
		427C17FB2BD311B500955B98 /* Leader KeyTests */ = {
			isa = PBXGroup;
			children = (
				427C17FC2BD311B500955B98 /* Leader_KeyTests.swift */,
			);
			path = "Leader KeyTests";
			sourceTree = "<group>";
		};
		427C18052BD311B500955B98 /* Leader KeyUITests */ = {
			isa = PBXGroup;
			children = (
				427C18062BD311B500955B98 /* Leader_KeyUITests.swift */,
				427C18082BD311B500955B98 /* Leader_KeyUITestsLaunchTests.swift */,
			);
			path = "Leader KeyUITests";
			sourceTree = "<group>";
		};
		427C18362BD3243C00955B98 /* Support */ = {
			isa = PBXGroup;
			children = (
				427C17F02BD311B500955B98 /* Preview Content */,
				427C17F32BD311B500955B98 /* Leader_Key.entitlements */,
				427C18342BD3232200955B98 /* Main.storyboard */,
			);
			path = Support;
			sourceTree = "<group>";
		};
		427C18392BD3268000955B98 /* Views */ = {
			isa = PBXGroup;
			children = (
				427C182C2BD31F9500955B98 /* Settings.swift */,
				427C18372BD3262100955B98 /* VisualEffectBackground.swift */,
				427C18302BD3209C00955B98 /* MainView.swift */,
			);
			path = Views;
			sourceTree = "<group>";
		};
/* End PBXGroup section */

/* Begin PBXNativeTarget section */
		427C17E62BD311B400955B98 /* Leader Key */ = {
			isa = PBXNativeTarget;
			buildConfigurationList = 427C180C2BD311B500955B98 /* Build configuration list for PBXNativeTarget "Leader Key" */;
			buildPhases = (
				427C17E32BD311B400955B98 /* Sources */,
				427C17E42BD311B400955B98 /* Frameworks */,
				427C17E52BD311B400955B98 /* Resources */,
			);
			buildRules = (
			);
			dependencies = (
			);
			name = "Leader Key";
			packageProductDependencies = (
				427C18162BD311ED00955B98 /* KeyboardShortcuts */,
				427C18192BD3123C00955B98 /* Defaults */,
				427C18222BD31DF100955B98 /* Settings */,
				427C184A2BD5C22400955B98 /* LaunchAtLogin */,
			);
			productName = "Leader Key";
			productReference = 427C17E72BD311B400955B98 /* Leader Key.app */;
			productType = "com.apple.product-type.application";
		};
		427C17F72BD311B500955B98 /* Leader KeyTests */ = {
			isa = PBXNativeTarget;
			buildConfigurationList = 427C180F2BD311B500955B98 /* Build configuration list for PBXNativeTarget "Leader KeyTests" */;
			buildPhases = (
				427C17F42BD311B500955B98 /* Sources */,
				427C17F52BD311B500955B98 /* Frameworks */,
				427C17F62BD311B500955B98 /* Resources */,
			);
			buildRules = (
			);
			dependencies = (
				427C17FA2BD311B500955B98 /* PBXTargetDependency */,
			);
			name = "Leader KeyTests";
			productName = "Leader KeyTests";
			productReference = 427C17F82BD311B500955B98 /* Leader KeyTests.xctest */;
			productType = "com.apple.product-type.bundle.unit-test";
		};
		427C18012BD311B500955B98 /* Leader KeyUITests */ = {
			isa = PBXNativeTarget;
			buildConfigurationList = 427C18122BD311B500955B98 /* Build configuration list for PBXNativeTarget "Leader KeyUITests" */;
			buildPhases = (
				427C17FE2BD311B500955B98 /* Sources */,
				427C17FF2BD311B500955B98 /* Frameworks */,
				427C18002BD311B500955B98 /* Resources */,
			);
			buildRules = (
			);
			dependencies = (
				427C18042BD311B500955B98 /* PBXTargetDependency */,
			);
			name = "Leader KeyUITests";
			productName = "Leader KeyUITests";
			productReference = 427C18022BD311B500955B98 /* Leader KeyUITests.xctest */;
			productType = "com.apple.product-type.bundle.ui-testing";
		};
/* End PBXNativeTarget section */

/* Begin PBXProject section */
		427C17DF2BD311B400955B98 /* Project object */ = {
			isa = PBXProject;
			attributes = {
				BuildIndependentTargetsInParallel = 1;
				LastSwiftUpdateCheck = 1530;
				LastUpgradeCheck = 1530;
				TargetAttributes = {
					427C17E62BD311B400955B98 = {
						CreatedOnToolsVersion = 15.3;
					};
					427C17F72BD311B500955B98 = {
						CreatedOnToolsVersion = 15.3;
						TestTargetID = 427C17E62BD311B400955B98;
					};
					427C18012BD311B500955B98 = {
						CreatedOnToolsVersion = 15.3;
						TestTargetID = 427C17E62BD311B400955B98;
					};
				};
			};
			buildConfigurationList = 427C17E22BD311B400955B98 /* Build configuration list for PBXProject "Leader Key" */;
			compatibilityVersion = "Xcode 14.0";
			developmentRegion = en;
			hasScannedForEncodings = 0;
			knownRegions = (
				en,
				Base,
			);
			mainGroup = 427C17DE2BD311B400955B98;
			packageReferences = (
				427C18152BD311EC00955B98 /* XCRemoteSwiftPackageReference "KeyboardShortcuts" */,
				427C18182BD3123C00955B98 /* XCRemoteSwiftPackageReference "Defaults" */,
				427C18212BD31DF100955B98 /* XCRemoteSwiftPackageReference "Preferences" */,
				427C18492BD5C22400955B98 /* XCRemoteSwiftPackageReference "LaunchAtLogin" */,
			);
			productRefGroup = 427C17E82BD311B400955B98 /* Products */;
			projectDirPath = "";
			projectRoot = "";
			targets = (
				427C17E62BD311B400955B98 /* Leader Key */,
				427C17F72BD311B500955B98 /* Leader KeyTests */,
				427C18012BD311B500955B98 /* Leader KeyUITests */,
			);
		};
/* End PBXProject section */

/* Begin PBXResourcesBuildPhase section */
		427C17E52BD311B400955B98 /* Resources */ = {
			isa = PBXResourcesBuildPhase;
			buildActionMask = 2147483647;
			files = (
				427C18352BD3232200955B98 /* Main.storyboard in Resources */,
				427C17F22BD311B500955B98 /* Preview Assets.xcassets in Resources */,
				427C17EF2BD311B500955B98 /* Assets.xcassets in Resources */,
			);
			runOnlyForDeploymentPostprocessing = 0;
		};
		427C17F62BD311B500955B98 /* Resources */ = {
			isa = PBXResourcesBuildPhase;
			buildActionMask = 2147483647;
			files = (
			);
			runOnlyForDeploymentPostprocessing = 0;
		};
		427C18002BD311B500955B98 /* Resources */ = {
			isa = PBXResourcesBuildPhase;
			buildActionMask = 2147483647;
			files = (
			);
			runOnlyForDeploymentPostprocessing = 0;
		};
/* End PBXResourcesBuildPhase section */

/* Begin PBXSourcesBuildPhase section */
		427C17E32BD311B400955B98 /* Sources */ = {
			isa = PBXSourcesBuildPhase;
			buildActionMask = 2147483647;
			files = (
				427C182B2BD31E2E00955B98 /* Controller.swift in Sources */,
				427C184D2BD65C5C00955B98 /* Defaults.swift in Sources */,
				427C18292BD31E2E00955B98 /* Window.swift in Sources */,
				427C182D2BD31F9500955B98 /* Settings.swift in Sources */,
				427C18382BD3262100955B98 /* VisualEffectBackground.swift in Sources */,
				427C18312BD3209C00955B98 /* MainView.swift in Sources */,
				427C183B2BD329F900955B98 /* UserConfig.swift in Sources */,
				427C18542BD6E59300955B98 /* NSWindow+Animations.swift in Sources */,
				427C18282BD31E2E00955B98 /* GeneralPane.swift in Sources */,
				427C182F2BD3206200955B98 /* UserState.swift in Sources */,
				427C18482BD5B3FD00955B98 /* FileMonitor.swift in Sources */,
				427C18202BD31C3D00955B98 /* AppDelegate.swift in Sources */,
				427C18502BD6652500955B98 /* Util.swift in Sources */,
				427C182A2BD31E2E00955B98 /* StatusItem.swift in Sources */,
				427C181C2BD314B500955B98 /* Constants.swift in Sources */,
			);
			runOnlyForDeploymentPostprocessing = 0;
		};
		427C17F42BD311B500955B98 /* Sources */ = {
			isa = PBXSourcesBuildPhase;
			buildActionMask = 2147483647;
			files = (
				427C17FD2BD311B500955B98 /* Leader_KeyTests.swift in Sources */,
			);
			runOnlyForDeploymentPostprocessing = 0;
		};
		427C17FE2BD311B500955B98 /* Sources */ = {
			isa = PBXSourcesBuildPhase;
			buildActionMask = 2147483647;
			files = (
				427C18072BD311B500955B98 /* Leader_KeyUITests.swift in Sources */,
				427C18092BD311B500955B98 /* Leader_KeyUITestsLaunchTests.swift in Sources */,
			);
			runOnlyForDeploymentPostprocessing = 0;
		};
/* End PBXSourcesBuildPhase section */

/* Begin PBXTargetDependency section */
		427C17FA2BD311B500955B98 /* PBXTargetDependency */ = {
			isa = PBXTargetDependency;
			target = 427C17E62BD311B400955B98 /* Leader Key */;
			targetProxy = 427C17F92BD311B500955B98 /* PBXContainerItemProxy */;
		};
		427C18042BD311B500955B98 /* PBXTargetDependency */ = {
			isa = PBXTargetDependency;
			target = 427C17E62BD311B400955B98 /* Leader Key */;
			targetProxy = 427C18032BD311B500955B98 /* PBXContainerItemProxy */;
		};
/* End PBXTargetDependency section */

/* Begin XCBuildConfiguration section */
		427C180A2BD311B500955B98 /* Debug */ = {
			isa = XCBuildConfiguration;
			buildSettings = {
				ALWAYS_SEARCH_USER_PATHS = NO;
				ASSETCATALOG_COMPILER_GENERATE_SWIFT_ASSET_SYMBOL_EXTENSIONS = YES;
				CLANG_ANALYZER_NONNULL = YES;
				CLANG_ANALYZER_NUMBER_OBJECT_CONVERSION = YES_AGGRESSIVE;
				CLANG_CXX_LANGUAGE_STANDARD = "gnu++20";
				CLANG_ENABLE_MODULES = YES;
				CLANG_ENABLE_OBJC_ARC = YES;
				CLANG_ENABLE_OBJC_WEAK = YES;
				CLANG_WARN_BLOCK_CAPTURE_AUTORELEASING = YES;
				CLANG_WARN_BOOL_CONVERSION = YES;
				CLANG_WARN_COMMA = YES;
				CLANG_WARN_CONSTANT_CONVERSION = YES;
				CLANG_WARN_DEPRECATED_OBJC_IMPLEMENTATIONS = YES;
				CLANG_WARN_DIRECT_OBJC_ISA_USAGE = YES_ERROR;
				CLANG_WARN_DOCUMENTATION_COMMENTS = YES;
				CLANG_WARN_EMPTY_BODY = YES;
				CLANG_WARN_ENUM_CONVERSION = YES;
				CLANG_WARN_INFINITE_RECURSION = YES;
				CLANG_WARN_INT_CONVERSION = YES;
				CLANG_WARN_NON_LITERAL_NULL_CONVERSION = YES;
				CLANG_WARN_OBJC_IMPLICIT_RETAIN_SELF = YES;
				CLANG_WARN_OBJC_LITERAL_CONVERSION = YES;
				CLANG_WARN_OBJC_ROOT_CLASS = YES_ERROR;
				CLANG_WARN_QUOTED_INCLUDE_IN_FRAMEWORK_HEADER = YES;
				CLANG_WARN_RANGE_LOOP_ANALYSIS = YES;
				CLANG_WARN_STRICT_PROTOTYPES = YES;
				CLANG_WARN_SUSPICIOUS_MOVE = YES;
				CLANG_WARN_UNGUARDED_AVAILABILITY = YES_AGGRESSIVE;
				CLANG_WARN_UNREACHABLE_CODE = YES;
				CLANG_WARN__DUPLICATE_METHOD_MATCH = YES;
				COPY_PHASE_STRIP = NO;
				DEBUG_INFORMATION_FORMAT = dwarf;
				ENABLE_STRICT_OBJC_MSGSEND = YES;
				ENABLE_TESTABILITY = YES;
				ENABLE_USER_SCRIPT_SANDBOXING = YES;
				GCC_C_LANGUAGE_STANDARD = gnu17;
				GCC_DYNAMIC_NO_PIC = NO;
				GCC_NO_COMMON_BLOCKS = YES;
				GCC_OPTIMIZATION_LEVEL = 0;
				GCC_PREPROCESSOR_DEFINITIONS = (
					"DEBUG=1",
					"$(inherited)",
				);
				GCC_WARN_64_TO_32_BIT_CONVERSION = YES;
				GCC_WARN_ABOUT_RETURN_TYPE = YES_ERROR;
				GCC_WARN_UNDECLARED_SELECTOR = YES;
				GCC_WARN_UNINITIALIZED_AUTOS = YES_AGGRESSIVE;
				GCC_WARN_UNUSED_FUNCTION = YES;
				GCC_WARN_UNUSED_VARIABLE = YES;
				LOCALIZATION_PREFERS_STRING_CATALOGS = YES;
				MACOSX_DEPLOYMENT_TARGET = 14.4;
				MTL_ENABLE_DEBUG_INFO = INCLUDE_SOURCE;
				MTL_FAST_MATH = YES;
				ONLY_ACTIVE_ARCH = YES;
				SDKROOT = macosx;
				SWIFT_ACTIVE_COMPILATION_CONDITIONS = "DEBUG $(inherited)";
				SWIFT_OPTIMIZATION_LEVEL = "-Onone";
			};
			name = Debug;
		};
		427C180B2BD311B500955B98 /* Release */ = {
			isa = XCBuildConfiguration;
			buildSettings = {
				ALWAYS_SEARCH_USER_PATHS = NO;
				ASSETCATALOG_COMPILER_GENERATE_SWIFT_ASSET_SYMBOL_EXTENSIONS = YES;
				CLANG_ANALYZER_NONNULL = YES;
				CLANG_ANALYZER_NUMBER_OBJECT_CONVERSION = YES_AGGRESSIVE;
				CLANG_CXX_LANGUAGE_STANDARD = "gnu++20";
				CLANG_ENABLE_MODULES = YES;
				CLANG_ENABLE_OBJC_ARC = YES;
				CLANG_ENABLE_OBJC_WEAK = YES;
				CLANG_WARN_BLOCK_CAPTURE_AUTORELEASING = YES;
				CLANG_WARN_BOOL_CONVERSION = YES;
				CLANG_WARN_COMMA = YES;
				CLANG_WARN_CONSTANT_CONVERSION = YES;
				CLANG_WARN_DEPRECATED_OBJC_IMPLEMENTATIONS = YES;
				CLANG_WARN_DIRECT_OBJC_ISA_USAGE = YES_ERROR;
				CLANG_WARN_DOCUMENTATION_COMMENTS = YES;
				CLANG_WARN_EMPTY_BODY = YES;
				CLANG_WARN_ENUM_CONVERSION = YES;
				CLANG_WARN_INFINITE_RECURSION = YES;
				CLANG_WARN_INT_CONVERSION = YES;
				CLANG_WARN_NON_LITERAL_NULL_CONVERSION = YES;
				CLANG_WARN_OBJC_IMPLICIT_RETAIN_SELF = YES;
				CLANG_WARN_OBJC_LITERAL_CONVERSION = YES;
				CLANG_WARN_OBJC_ROOT_CLASS = YES_ERROR;
				CLANG_WARN_QUOTED_INCLUDE_IN_FRAMEWORK_HEADER = YES;
				CLANG_WARN_RANGE_LOOP_ANALYSIS = YES;
				CLANG_WARN_STRICT_PROTOTYPES = YES;
				CLANG_WARN_SUSPICIOUS_MOVE = YES;
				CLANG_WARN_UNGUARDED_AVAILABILITY = YES_AGGRESSIVE;
				CLANG_WARN_UNREACHABLE_CODE = YES;
				CLANG_WARN__DUPLICATE_METHOD_MATCH = YES;
				COPY_PHASE_STRIP = NO;
				DEBUG_INFORMATION_FORMAT = "dwarf-with-dsym";
				ENABLE_NS_ASSERTIONS = NO;
				ENABLE_STRICT_OBJC_MSGSEND = YES;
				ENABLE_USER_SCRIPT_SANDBOXING = YES;
				GCC_C_LANGUAGE_STANDARD = gnu17;
				GCC_NO_COMMON_BLOCKS = YES;
				GCC_WARN_64_TO_32_BIT_CONVERSION = YES;
				GCC_WARN_ABOUT_RETURN_TYPE = YES_ERROR;
				GCC_WARN_UNDECLARED_SELECTOR = YES;
				GCC_WARN_UNINITIALIZED_AUTOS = YES_AGGRESSIVE;
				GCC_WARN_UNUSED_FUNCTION = YES;
				GCC_WARN_UNUSED_VARIABLE = YES;
				LOCALIZATION_PREFERS_STRING_CATALOGS = YES;
				MACOSX_DEPLOYMENT_TARGET = 14.4;
				MTL_ENABLE_DEBUG_INFO = NO;
				MTL_FAST_MATH = YES;
				SDKROOT = macosx;
				SWIFT_COMPILATION_MODE = wholemodule;
			};
			name = Release;
		};
		427C180D2BD311B500955B98 /* Debug */ = {
			isa = XCBuildConfiguration;
			buildSettings = {
				ASSETCATALOG_COMPILER_APPICON_NAME = AppIcon;
				ASSETCATALOG_COMPILER_GLOBAL_ACCENT_COLOR_NAME = AccentColor;
				ASSETCATALOG_COMPILER_INCLUDE_ALL_APPICON_ASSETS = YES;
				CODE_SIGN_ENTITLEMENTS = "Leader Key/Leader_Key.entitlements";
				"CODE_SIGN_IDENTITY[sdk=macosx*]" = "Apple Development";
				CODE_SIGN_STYLE = Automatic;
				COMBINE_HIDPI_IMAGES = YES;
				CURRENT_PROJECT_VERSION = 3;
				DEVELOPMENT_ASSET_PATHS = "\"Leader Key/Support/Preview Content\"";
				DEVELOPMENT_TEAM = DDB8SQMXS9;
				ENABLE_HARDENED_RUNTIME = YES;
				ENABLE_PREVIEWS = YES;
				GENERATE_INFOPLIST_FILE = YES;
				INFOPLIST_KEY_LSApplicationCategoryType = "public.app-category.utilities";
				INFOPLIST_KEY_LSUIElement = YES;
				INFOPLIST_KEY_NSHumanReadableCopyright = "";
				INFOPLIST_KEY_NSMainStoryboardFile = Main;
				INFOPLIST_KEY_NSPrincipalClass = NSApplication;
				LD_RUNPATH_SEARCH_PATHS = (
					"$(inherited)",
					"@executable_path/../Frameworks",
				);
				MACOSX_DEPLOYMENT_TARGET = 14.0;
				MARKETING_VERSION = 1.0;
				PRODUCT_BUNDLE_IDENTIFIER = "com.brnbw.Leader-Key";
				PRODUCT_NAME = "$(TARGET_NAME)";
				SWIFT_EMIT_LOC_STRINGS = YES;
				SWIFT_VERSION = 5.0;
			};
			name = Debug;
		};
		427C180E2BD311B500955B98 /* Release */ = {
			isa = XCBuildConfiguration;
			buildSettings = {
				ASSETCATALOG_COMPILER_APPICON_NAME = AppIcon;
				ASSETCATALOG_COMPILER_GLOBAL_ACCENT_COLOR_NAME = AccentColor;
				ASSETCATALOG_COMPILER_INCLUDE_ALL_APPICON_ASSETS = YES;
				CODE_SIGN_ENTITLEMENTS = "Leader Key/Leader_Key.entitlements";
				"CODE_SIGN_IDENTITY[sdk=macosx*]" = "Apple Development";
				CODE_SIGN_STYLE = Automatic;
				COMBINE_HIDPI_IMAGES = YES;
				CURRENT_PROJECT_VERSION = 3;
				DEVELOPMENT_ASSET_PATHS = "\"Leader Key/Support/Preview Content\"";
				DEVELOPMENT_TEAM = DDB8SQMXS9;
				ENABLE_HARDENED_RUNTIME = YES;
				ENABLE_PREVIEWS = YES;
				GENERATE_INFOPLIST_FILE = YES;
				INFOPLIST_KEY_LSApplicationCategoryType = "public.app-category.utilities";
				INFOPLIST_KEY_LSUIElement = YES;
				INFOPLIST_KEY_NSHumanReadableCopyright = "";
				INFOPLIST_KEY_NSMainStoryboardFile = Main;
				INFOPLIST_KEY_NSPrincipalClass = NSApplication;
				LD_RUNPATH_SEARCH_PATHS = (
					"$(inherited)",
					"@executable_path/../Frameworks",
				);
				MACOSX_DEPLOYMENT_TARGET = 14.0;
				MARKETING_VERSION = 1.0;
				PRODUCT_BUNDLE_IDENTIFIER = "com.brnbw.Leader-Key";
				PRODUCT_NAME = "$(TARGET_NAME)";
				SWIFT_EMIT_LOC_STRINGS = YES;
				SWIFT_VERSION = 5.0;
			};
			name = Release;
		};
		427C18102BD311B500955B98 /* Debug */ = {
			isa = XCBuildConfiguration;
			buildSettings = {
				ALWAYS_EMBED_SWIFT_STANDARD_LIBRARIES = YES;
				BUNDLE_LOADER = "$(TEST_HOST)";
				CODE_SIGN_STYLE = Automatic;
				CURRENT_PROJECT_VERSION = 1;
				DEVELOPMENT_TEAM = DDB8SQMXS9;
				GENERATE_INFOPLIST_FILE = YES;
				MACOSX_DEPLOYMENT_TARGET = 14.4;
				MARKETING_VERSION = 1.0;
				PRODUCT_BUNDLE_IDENTIFIER = "com.brnbw.Leader-KeyTests";
				PRODUCT_NAME = "$(TARGET_NAME)";
				SWIFT_EMIT_LOC_STRINGS = NO;
				SWIFT_VERSION = 5.0;
				TEST_HOST = "$(BUILT_PRODUCTS_DIR)/Leader Key.app/$(BUNDLE_EXECUTABLE_FOLDER_PATH)/Leader Key";
			};
			name = Debug;
		};
		427C18112BD311B500955B98 /* Release */ = {
			isa = XCBuildConfiguration;
			buildSettings = {
				ALWAYS_EMBED_SWIFT_STANDARD_LIBRARIES = YES;
				BUNDLE_LOADER = "$(TEST_HOST)";
				CODE_SIGN_STYLE = Automatic;
				CURRENT_PROJECT_VERSION = 1;
				DEVELOPMENT_TEAM = DDB8SQMXS9;
				GENERATE_INFOPLIST_FILE = YES;
				MACOSX_DEPLOYMENT_TARGET = 14.4;
				MARKETING_VERSION = 1.0;
				PRODUCT_BUNDLE_IDENTIFIER = "com.brnbw.Leader-KeyTests";
				PRODUCT_NAME = "$(TARGET_NAME)";
				SWIFT_EMIT_LOC_STRINGS = NO;
				SWIFT_VERSION = 5.0;
				TEST_HOST = "$(BUILT_PRODUCTS_DIR)/Leader Key.app/$(BUNDLE_EXECUTABLE_FOLDER_PATH)/Leader Key";
			};
			name = Release;
		};
		427C18132BD311B500955B98 /* Debug */ = {
			isa = XCBuildConfiguration;
			buildSettings = {
				ALWAYS_EMBED_SWIFT_STANDARD_LIBRARIES = YES;
				CODE_SIGN_STYLE = Automatic;
				CURRENT_PROJECT_VERSION = 1;
				DEVELOPMENT_TEAM = DDB8SQMXS9;
				GENERATE_INFOPLIST_FILE = YES;
				MARKETING_VERSION = 1.0;
				PRODUCT_BUNDLE_IDENTIFIER = "com.brnbw.Leader-KeyUITests";
				PRODUCT_NAME = "$(TARGET_NAME)";
				SWIFT_EMIT_LOC_STRINGS = NO;
				SWIFT_VERSION = 5.0;
				TEST_TARGET_NAME = "Leader Key";
			};
			name = Debug;
		};
		427C18142BD311B500955B98 /* Release */ = {
			isa = XCBuildConfiguration;
			buildSettings = {
				ALWAYS_EMBED_SWIFT_STANDARD_LIBRARIES = YES;
				CODE_SIGN_STYLE = Automatic;
				CURRENT_PROJECT_VERSION = 1;
				DEVELOPMENT_TEAM = DDB8SQMXS9;
				GENERATE_INFOPLIST_FILE = YES;
				MARKETING_VERSION = 1.0;
				PRODUCT_BUNDLE_IDENTIFIER = "com.brnbw.Leader-KeyUITests";
				PRODUCT_NAME = "$(TARGET_NAME)";
				SWIFT_EMIT_LOC_STRINGS = NO;
				SWIFT_VERSION = 5.0;
				TEST_TARGET_NAME = "Leader Key";
			};
			name = Release;
		};
/* End XCBuildConfiguration section */

/* Begin XCConfigurationList section */
		427C17E22BD311B400955B98 /* Build configuration list for PBXProject "Leader Key" */ = {
			isa = XCConfigurationList;
			buildConfigurations = (
				427C180A2BD311B500955B98 /* Debug */,
				427C180B2BD311B500955B98 /* Release */,
			);
			defaultConfigurationIsVisible = 0;
			defaultConfigurationName = Release;
		};
		427C180C2BD311B500955B98 /* Build configuration list for PBXNativeTarget "Leader Key" */ = {
			isa = XCConfigurationList;
			buildConfigurations = (
				427C180D2BD311B500955B98 /* Debug */,
				427C180E2BD311B500955B98 /* Release */,
			);
			defaultConfigurationIsVisible = 0;
			defaultConfigurationName = Release;
		};
		427C180F2BD311B500955B98 /* Build configuration list for PBXNativeTarget "Leader KeyTests" */ = {
			isa = XCConfigurationList;
			buildConfigurations = (
				427C18102BD311B500955B98 /* Debug */,
				427C18112BD311B500955B98 /* Release */,
			);
			defaultConfigurationIsVisible = 0;
			defaultConfigurationName = Release;
		};
		427C18122BD311B500955B98 /* Build configuration list for PBXNativeTarget "Leader KeyUITests" */ = {
			isa = XCConfigurationList;
			buildConfigurations = (
				427C18132BD311B500955B98 /* Debug */,
				427C18142BD311B500955B98 /* Release */,
			);
			defaultConfigurationIsVisible = 0;
			defaultConfigurationName = Release;
		};
/* End XCConfigurationList section */

/* Begin XCRemoteSwiftPackageReference section */
		427C18152BD311EC00955B98 /* XCRemoteSwiftPackageReference "KeyboardShortcuts" */ = {
			isa = XCRemoteSwiftPackageReference;
			repositoryURL = "https://github.com/sindresorhus/KeyboardShortcuts";
			requirement = {
				kind = upToNextMajorVersion;
				minimumVersion = 2.0.0;
			};
		};
		427C18182BD3123C00955B98 /* XCRemoteSwiftPackageReference "Defaults" */ = {
			isa = XCRemoteSwiftPackageReference;
			repositoryURL = "https://github.com/sindresorhus/Defaults";
			requirement = {
				kind = upToNextMajorVersion;
				minimumVersion = 8.2.0;
			};
		};
		427C18212BD31DF100955B98 /* XCRemoteSwiftPackageReference "Preferences" */ = {
			isa = XCRemoteSwiftPackageReference;
			repositoryURL = "https://github.com/sindresorhus/Preferences";
			requirement = {
				kind = upToNextMajorVersion;
				minimumVersion = 3.1.0;
			};
		};
		427C18492BD5C22400955B98 /* XCRemoteSwiftPackageReference "LaunchAtLogin" */ = {
			isa = XCRemoteSwiftPackageReference;
			repositoryURL = "https://github.com/sindresorhus/LaunchAtLogin";
			requirement = {
				kind = upToNextMajorVersion;
				minimumVersion = 5.0.0;
			};
		};
/* End XCRemoteSwiftPackageReference section */

/* Begin XCSwiftPackageProductDependency section */
		427C18162BD311ED00955B98 /* KeyboardShortcuts */ = {
			isa = XCSwiftPackageProductDependency;
			package = 427C18152BD311EC00955B98 /* XCRemoteSwiftPackageReference "KeyboardShortcuts" */;
			productName = KeyboardShortcuts;
		};
		427C18192BD3123C00955B98 /* Defaults */ = {
			isa = XCSwiftPackageProductDependency;
			package = 427C18182BD3123C00955B98 /* XCRemoteSwiftPackageReference "Defaults" */;
			productName = Defaults;
		};
		427C18222BD31DF100955B98 /* Settings */ = {
			isa = XCSwiftPackageProductDependency;
			package = 427C18212BD31DF100955B98 /* XCRemoteSwiftPackageReference "Preferences" */;
			productName = Settings;
		};
		427C184A2BD5C22400955B98 /* LaunchAtLogin */ = {
			isa = XCSwiftPackageProductDependency;
			package = 427C18492BD5C22400955B98 /* XCRemoteSwiftPackageReference "LaunchAtLogin" */;
			productName = LaunchAtLogin;
		};
/* End XCSwiftPackageProductDependency section */
	};
	rootObject = 427C17DF2BD311B400955B98 /* Project object */;
}
