// !$*UTF8*$!
{
	archiveVersion = 1;
	classes = {
	};
	objectVersion = 56;
	objects = {

/* Begin PBXBuildFile section */
		115AA5BF2DA521C600C17E18 /* ActionIcon.swift in Sources */ = {isa = PBXBuildFile; fileRef = 115AA5BE2DA521C200C17E18 /* ActionIcon.swift */; };
		115AA5C22DA546D500C17E18 /* SymbolPicker in Frameworks */ = {isa = PBXBuildFile; productRef = 115AA5C12DA546D500C17E18 /* SymbolPicker */; };
		130196C62D73B3DE0093148B /* Breadcrumbs.swift in Sources */ = {isa = PBXBuildFile; fileRef = 130196C52D73B3DC0093148B /* Breadcrumbs.swift */; };
		423632222D68CA6500878D92 /* MysteryBox.swift in Sources */ = {isa = PBXBuildFile; fileRef = 423632212D68CA6500878D92 /* MysteryBox.swift */; };
		423632262D68CDBB00878D92 /* Mini.swift in Sources */ = {isa = PBXBuildFile; fileRef = 423632252D68CDBB00878D92 /* Mini.swift */; };
		423632282D6A806700878D92 /* Theme.swift in Sources */ = {isa = PBXBuildFile; fileRef = 423632272D6A806700878D92 /* Theme.swift */; };
		42454DDB2D71CB39004E1374 /* ConfigValidator.swift in Sources */ = {isa = PBXBuildFile; fileRef = 42454DDA2D71CB39004E1374 /* ConfigValidator.swift */; };
		42454DDD2D71CBAB004E1374 /* ConfigValidatorTests.swift in Sources */ = {isa = PBXBuildFile; fileRef = 42454DDC2D71CBAB004E1374 /* ConfigValidatorTests.swift */; };
		EC5CEBC4C47B4C5DB2258813 /* URLSchemeTests.swift in Sources */ = {isa = PBXBuildFile; fileRef = EC5CEBC4C47B4C5DB2258814 /* URLSchemeTests.swift */; };
		425495402D75EFAD0020300E /* ForTheHorde.swift in Sources */ = {isa = PBXBuildFile; fileRef = 4254953F2D75EFAD0020300E /* ForTheHorde.swift */; };
		426E625B2D2E6A98009FD2F2 /* CommandRunner.swift in Sources */ = {isa = PBXBuildFile; fileRef = 426E625A2D2E6A98009FD2F2 /* CommandRunner.swift */; };
		4279AFED2C6A175500952A83 /* LaunchAtLogin in Frameworks */ = {isa = PBXBuildFile; productRef = 4279AFEC2C6A175500952A83 /* LaunchAtLogin */; };
		427C17EF2BD311B500955B98 /* Assets.xcassets in Resources */ = {isa = PBXBuildFile; fileRef = 427C17EE2BD311B500955B98 /* Assets.xcassets */; };
		427C17F22BD311B500955B98 /* Preview Assets.xcassets in Resources */ = {isa = PBXBuildFile; fileRef = 427C17F12BD311B500955B98 /* Preview Assets.xcassets */; };
		427C17FD2BD311B500955B98 /* UserConfigTests.swift in Sources */ = {isa = PBXBuildFile; fileRef = 427C17FC2BD311B500955B98 /* UserConfigTests.swift */; };
		427C18172BD311ED00955B98 /* KeyboardShortcuts in Frameworks */ = {isa = PBXBuildFile; productRef = 427C18162BD311ED00955B98 /* KeyboardShortcuts */; };
		427C181A2BD3123C00955B98 /* Defaults in Frameworks */ = {isa = PBXBuildFile; productRef = 427C18192BD3123C00955B98 /* Defaults */; };
		427C181C2BD314B500955B98 /* Constants.swift in Sources */ = {isa = PBXBuildFile; fileRef = 427C181B2BD314B500955B98 /* Constants.swift */; };
		427C18202BD31C3D00955B98 /* AppDelegate.swift in Sources */ = {isa = PBXBuildFile; fileRef = 427C181F2BD31C3D00955B98 /* AppDelegate.swift */; };
		73192AF63CAF425397D7C0D1 /* URLSchemeHandler.swift in Sources */ = {isa = PBXBuildFile; fileRef = 73192AF63CAF425397D7C0D2 /* URLSchemeHandler.swift */; };
		427C18232BD31DF100955B98 /* Settings in Frameworks */ = {isa = PBXBuildFile; productRef = 427C18222BD31DF100955B98 /* Settings */; };
		427C18282BD31E2E00955B98 /* GeneralPane.swift in Sources */ = {isa = PBXBuildFile; fileRef = 427C18242BD31E2E00955B98 /* GeneralPane.swift */; };
		427C18292BD31E2E00955B98 /* MainWindow.swift in Sources */ = {isa = PBXBuildFile; fileRef = 427C18252BD31E2E00955B98 /* MainWindow.swift */; };
		427C182A2BD31E2E00955B98 /* StatusItem.swift in Sources */ = {isa = PBXBuildFile; fileRef = 427C18262BD31E2E00955B98 /* StatusItem.swift */; };
		427C182B2BD31E2E00955B98 /* Controller.swift in Sources */ = {isa = PBXBuildFile; fileRef = 427C18272BD31E2E00955B98 /* Controller.swift */; };
		427C182D2BD31F9500955B98 /* Settings.swift in Sources */ = {isa = PBXBuildFile; fileRef = 427C182C2BD31F9500955B98 /* Settings.swift */; };
		427C182F2BD3206200955B98 /* UserState.swift in Sources */ = {isa = PBXBuildFile; fileRef = 427C182E2BD3206200955B98 /* UserState.swift */; };
		427C18352BD3232200955B98 /* Main.storyboard in Resources */ = {isa = PBXBuildFile; fileRef = 427C18342BD3232200955B98 /* Main.storyboard */; };
		427C18382BD3262100955B98 /* VisualEffectBackground.swift in Sources */ = {isa = PBXBuildFile; fileRef = 427C18372BD3262100955B98 /* VisualEffectBackground.swift */; };
		427C183B2BD329F900955B98 /* UserConfig.swift in Sources */ = {isa = PBXBuildFile; fileRef = 427C183A2BD329F900955B98 /* UserConfig.swift */; };
		427C184D2BD65C5C00955B98 /* Defaults.swift in Sources */ = {isa = PBXBuildFile; fileRef = 427C184C2BD65C5C00955B98 /* Defaults.swift */; };
		427C18502BD6652500955B98 /* Util.swift in Sources */ = {isa = PBXBuildFile; fileRef = 427C184F2BD6652500955B98 /* Util.swift */; };
		427C18542BD6E59300955B98 /* NSWindow+Animations.swift in Sources */ = {isa = PBXBuildFile; fileRef = 427C18532BD6E59300955B98 /* NSWindow+Animations.swift */; };
		4284834C2E813212009D7EEF /* KeyboardLayoutTests.swift in Sources */ = {isa = PBXBuildFile; fileRef = 4284834B2E813212009D7EEF /* KeyboardLayoutTests.swift */; };
		6A9D3E8101A24B6300D4C101 /* RightCommandMonitor.swift in Sources */ = {isa = PBXBuildFile; fileRef = 6A9D3E8001A24B6300D4C101 /* RightCommandMonitor.swift */; };
		6A9D3E8301A24B6300D4C101 /* RightCommandMonitorTests.swift in Sources */ = {isa = PBXBuildFile; fileRef = 6A9D3E8201A24B6300D4C101 /* RightCommandMonitorTests.swift */; };
		42B21FBC2D67566100F4A2C7 /* Alerts.swift in Sources */ = {isa = PBXBuildFile; fileRef = 42B21FBB2D67566100F4A2C7 /* Alerts.swift */; };
		42CCB5A32DAD257700356FC0 /* Kingfisher in Frameworks */ = {isa = PBXBuildFile; productRef = FBCA04D82D9F02F700271163 /* Kingfisher */; };
		42DFCD722D5B7D48002EA111 /* Events.swift in Sources */ = {isa = PBXBuildFile; fileRef = 42DFCD712D5B7D46002EA111 /* Events.swift */; };
		42E70A572C823FF200FCF902 /* Sparkle in Frameworks */ = {isa = PBXBuildFile; productRef = 42E70A562C823FF200FCF902 /* Sparkle */; };
		42F4CDC92D458FF700D0DD76 /* MainMenu.swift in Sources */ = {isa = PBXBuildFile; fileRef = 42F4CDC82D458FF700D0DD76 /* MainMenu.swift */; };
		42F4CDCD2D45B13600D0DD76 /* KeyButton.swift in Sources */ = {isa = PBXBuildFile; fileRef = 42F4CDCC2D45B13600D0DD76 /* KeyButton.swift */; };
		42F4CDCF2D46E2B300D0DD76 /* Cheatsheet.swift in Sources */ = {isa = PBXBuildFile; fileRef = 42F4CDCE2D46E2B300D0DD76 /* Cheatsheet.swift */; };
		42F4CDD12D48C52400D0DD76 /* Extensions.swift in Sources */ = {isa = PBXBuildFile; fileRef = 42F4CDD02D48C51F00D0DD76 /* Extensions.swift */; };
		42FDC31A2D51687B004F5C5C /* AdvancedPane.swift in Sources */ = {isa = PBXBuildFile; fileRef = 42FDC3192D51687B004F5C5C /* AdvancedPane.swift */; };
		605385A32D523CAD00BEDB4B /* Pulsate.swift in Sources */ = {isa = PBXBuildFile; fileRef = 605385A22D523CAD00BEDB4B /* Pulsate.swift */; };
		606C56EF2DAB875A00198B9F /* Cheater.swift in Sources */ = {isa = PBXBuildFile; fileRef = 606C56EE2DAB875A00198B9F /* Cheater.swift */; };
		6D9B9C012DBA000000000001 /* ConfigOutlineEditorView.swift in Sources */ = {isa = PBXBuildFile; fileRef = 6D9B9C002DBA000000000001 /* ConfigOutlineEditorView.swift */; };
		6D9B9C042DBA000000000002 /* KeyCapture.swift in Sources */ = {isa = PBXBuildFile; fileRef = 6D9B9C032DBA000000000002 /* KeyCapture.swift */; };
		6D9B9C062DBA000000000003 /* ConfigEditorShared.swift in Sources */ = {isa = PBXBuildFile; fileRef = 6D9B9C052DBA000000000003 /* ConfigEditorShared.swift */; };
/* End PBXBuildFile section */

/* Begin PBXContainerItemProxy section */
		427C17F92BD311B500955B98 /* PBXContainerItemProxy */ = {
			isa = PBXContainerItemProxy;
			containerPortal = 427C17DF2BD311B400955B98 /* Project object */;
			proxyType = 1;
			remoteGlobalIDString = 427C17E62BD311B400955B98;
			remoteInfo = "Leader Key";
		};
/* End PBXContainerItemProxy section */

/* Begin PBXFileReference section */
		115AA5BE2DA521C200C17E18 /* ActionIcon.swift */ = {isa = PBXFileReference; lastKnownFileType = sourcecode.swift; path = ActionIcon.swift; sourceTree = "<group>"; };
		130196C52D73B3DC0093148B /* Breadcrumbs.swift */ = {isa = PBXFileReference; lastKnownFileType = sourcecode.swift; path = Breadcrumbs.swift; sourceTree = "<group>"; };
		423632142D678F4400878D92 /* TestPlan.xctestplan */ = {isa = PBXFileReference; lastKnownFileType = text; path = TestPlan.xctestplan; sourceTree = "<group>"; };
		423632212D68CA6500878D92 /* MysteryBox.swift */ = {isa = PBXFileReference; lastKnownFileType = sourcecode.swift; path = MysteryBox.swift; sourceTree = "<group>"; };
		423632252D68CDBB00878D92 /* Mini.swift */ = {isa = PBXFileReference; lastKnownFileType = sourcecode.swift; path = Mini.swift; sourceTree = "<group>"; };
		423632272D6A806700878D92 /* Theme.swift */ = {isa = PBXFileReference; lastKnownFileType = sourcecode.swift; path = Theme.swift; sourceTree = "<group>"; };
		42454DDA2D71CB39004E1374 /* ConfigValidator.swift */ = {isa = PBXFileReference; lastKnownFileType = sourcecode.swift; path = ConfigValidator.swift; sourceTree = "<group>"; };
		42454DDC2D71CBAB004E1374 /* ConfigValidatorTests.swift */ = {isa = PBXFileReference; lastKnownFileType = sourcecode.swift; path = ConfigValidatorTests.swift; sourceTree = "<group>"; };
		EC5CEBC4C47B4C5DB2258814 /* URLSchemeTests.swift */ = {isa = PBXFileReference; lastKnownFileType = sourcecode.swift; path = URLSchemeTests.swift; sourceTree = "<group>"; };
		4254953F2D75EFAD0020300E /* ForTheHorde.swift */ = {isa = PBXFileReference; fileEncoding = 4; lastKnownFileType = sourcecode.swift; path = ForTheHorde.swift; sourceTree = "<group>"; };
		426E625A2D2E6A98009FD2F2 /* CommandRunner.swift */ = {isa = PBXFileReference; lastKnownFileType = sourcecode.swift; path = CommandRunner.swift; sourceTree = "<group>"; };
		4279AFEA2C6A08B100952A83 /* Info.plist */ = {isa = PBXFileReference; lastKnownFileType = text.plist.xml; name = Info.plist; path = "Leader Key/Support/Info.plist"; sourceTree = SOURCE_ROOT; };
		427C17E72BD311B400955B98 /* Leader Key.app */ = {isa = PBXFileReference; explicitFileType = wrapper.application; includeInIndex = 0; path = "Leader Key.app"; sourceTree = BUILT_PRODUCTS_DIR; };
		427C17EE2BD311B500955B98 /* Assets.xcassets */ = {isa = PBXFileReference; lastKnownFileType = folder.assetcatalog; path = Assets.xcassets; sourceTree = "<group>"; };
		427C17F12BD311B500955B98 /* Preview Assets.xcassets */ = {isa = PBXFileReference; lastKnownFileType = folder.assetcatalog; path = "Preview Assets.xcassets"; sourceTree = "<group>"; };
		427C17F32BD311B500955B98 /* Leader_Key.entitlements */ = {isa = PBXFileReference; lastKnownFileType = text.plist.entitlements; path = Leader_Key.entitlements; sourceTree = "<group>"; };
		427C17F82BD311B500955B98 /* Leader KeyTests.xctest */ = {isa = PBXFileReference; explicitFileType = wrapper.cfbundle; includeInIndex = 0; path = "Leader KeyTests.xctest"; sourceTree = BUILT_PRODUCTS_DIR; };
		427C17FC2BD311B500955B98 /* UserConfigTests.swift */ = {isa = PBXFileReference; lastKnownFileType = sourcecode.swift; path = UserConfigTests.swift; sourceTree = "<group>"; };
		427C181B2BD314B500955B98 /* Constants.swift */ = {isa = PBXFileReference; lastKnownFileType = sourcecode.swift; path = Constants.swift; sourceTree = "<group>"; };
		427C181F2BD31C3D00955B98 /* AppDelegate.swift */ = {isa = PBXFileReference; lastKnownFileType = sourcecode.swift; path = AppDelegate.swift; sourceTree = "<group>"; };
		73192AF63CAF425397D7C0D2 /* URLSchemeHandler.swift */ = {isa = PBXFileReference; lastKnownFileType = sourcecode.swift; path = URLSchemeHandler.swift; sourceTree = "<group>"; };
		427C18242BD31E2E00955B98 /* GeneralPane.swift */ = {isa = PBXFileReference; fileEncoding = 4; lastKnownFileType = sourcecode.swift; path = GeneralPane.swift; sourceTree = "<group>"; };
		427C18252BD31E2E00955B98 /* MainWindow.swift */ = {isa = PBXFileReference; fileEncoding = 4; lastKnownFileType = sourcecode.swift; path = MainWindow.swift; sourceTree = "<group>"; };
		427C18262BD31E2E00955B98 /* StatusItem.swift */ = {isa = PBXFileReference; fileEncoding = 4; lastKnownFileType = sourcecode.swift; path = StatusItem.swift; sourceTree = "<group>"; };
		427C18272BD31E2E00955B98 /* Controller.swift */ = {isa = PBXFileReference; fileEncoding = 4; lastKnownFileType = sourcecode.swift; path = Controller.swift; sourceTree = "<group>"; };
		427C182C2BD31F9500955B98 /* Settings.swift */ = {isa = PBXFileReference; lastKnownFileType = sourcecode.swift; path = Settings.swift; sourceTree = "<group>"; };
		427C182E2BD3206200955B98 /* UserState.swift */ = {isa = PBXFileReference; lastKnownFileType = sourcecode.swift; path = UserState.swift; sourceTree = "<group>"; };
		427C18342BD3232200955B98 /* Main.storyboard */ = {isa = PBXFileReference; lastKnownFileType = file.storyboard; path = Main.storyboard; sourceTree = "<group>"; };
		427C18372BD3262100955B98 /* VisualEffectBackground.swift */ = {isa = PBXFileReference; fileEncoding = 4; lastKnownFileType = sourcecode.swift; path = VisualEffectBackground.swift; sourceTree = "<group>"; };
		427C183A2BD329F900955B98 /* UserConfig.swift */ = {isa = PBXFileReference; lastKnownFileType = sourcecode.swift; path = UserConfig.swift; sourceTree = "<group>"; };
		427C184C2BD65C5C00955B98 /* Defaults.swift */ = {isa = PBXFileReference; lastKnownFileType = sourcecode.swift; path = Defaults.swift; sourceTree = "<group>"; };
		427C184F2BD6652500955B98 /* Util.swift */ = {isa = PBXFileReference; lastKnownFileType = sourcecode.swift; path = Util.swift; sourceTree = "<group>"; };
		427C18532BD6E59300955B98 /* NSWindow+Animations.swift */ = {isa = PBXFileReference; lastKnownFileType = sourcecode.swift; path = "NSWindow+Animations.swift"; sourceTree = "<group>"; };
		4284834B2E813212009D7EEF /* KeyboardLayoutTests.swift */ = {isa = PBXFileReference; lastKnownFileType = sourcecode.swift; path = KeyboardLayoutTests.swift; sourceTree = "<group>"; };
		6A9D3E8001A24B6300D4C101 /* RightCommandMonitor.swift */ = {isa = PBXFileReference; lastKnownFileType = sourcecode.swift; path = RightCommandMonitor.swift; sourceTree = "<group>"; };
		6A9D3E8201A24B6300D4C101 /* RightCommandMonitorTests.swift */ = {isa = PBXFileReference; lastKnownFileType = sourcecode.swift; path = RightCommandMonitorTests.swift; sourceTree = "<group>"; };
		42B21FBB2D67566100F4A2C7 /* Alerts.swift */ = {isa = PBXFileReference; lastKnownFileType = sourcecode.swift; path = Alerts.swift; sourceTree = "<group>"; };
		42DFCD712D5B7D46002EA111 /* Events.swift */ = {isa = PBXFileReference; lastKnownFileType = sourcecode.swift; path = Events.swift; sourceTree = "<group>"; };
		42F4CDC82D458FF700D0DD76 /* MainMenu.swift */ = {isa = PBXFileReference; lastKnownFileType = sourcecode.swift; path = MainMenu.swift; sourceTree = "<group>"; };
		42F4CDCC2D45B13600D0DD76 /* KeyButton.swift */ = {isa = PBXFileReference; lastKnownFileType = sourcecode.swift; path = KeyButton.swift; sourceTree = "<group>"; };
		42F4CDCE2D46E2B300D0DD76 /* Cheatsheet.swift */ = {isa = PBXFileReference; lastKnownFileType = sourcecode.swift; path = Cheatsheet.swift; sourceTree = "<group>"; };
		42F4CDD02D48C51F00D0DD76 /* Extensions.swift */ = {isa = PBXFileReference; lastKnownFileType = sourcecode.swift; path = Extensions.swift; sourceTree = "<group>"; };
		42FDC3192D51687B004F5C5C /* AdvancedPane.swift */ = {isa = PBXFileReference; fileEncoding = 4; lastKnownFileType = sourcecode.swift; path = AdvancedPane.swift; sourceTree = "<group>"; };
		605385A22D523CAD00BEDB4B /* Pulsate.swift */ = {isa = PBXFileReference; lastKnownFileType = sourcecode.swift; path = Pulsate.swift; sourceTree = "<group>"; };
		606C56EE2DAB875A00198B9F /* Cheater.swift */ = {isa = PBXFileReference; lastKnownFileType = sourcecode.swift; path = Cheater.swift; sourceTree = "<group>"; };
		6D9B9C002DBA000000000001 /* ConfigOutlineEditorView.swift */ = {isa = PBXFileReference; lastKnownFileType = sourcecode.swift; path = ConfigOutlineEditorView.swift; sourceTree = "<group>"; };
		6D9B9C032DBA000000000002 /* KeyCapture.swift */ = {isa = PBXFileReference; lastKnownFileType = sourcecode.swift; path = KeyCapture.swift; sourceTree = "<group>"; };
		6D9B9C052DBA000000000003 /* ConfigEditorShared.swift */ = {isa = PBXFileReference; lastKnownFileType = sourcecode.swift; path = ConfigEditorShared.swift; sourceTree = "<group>"; };
/* End PBXFileReference section */

/* Begin PBXFrameworksBuildPhase section */
		427C17E42BD311B400955B98 /* Frameworks */ = {
			isa = PBXFrameworksBuildPhase;
			buildActionMask = 2147483647;
			files = (
				42CCB5A32DAD257700356FC0 /* Kingfisher in Frameworks */,
				42E70A572C823FF200FCF902 /* Sparkle in Frameworks */,
				427C18232BD31DF100955B98 /* Settings in Frameworks */,
				115AA5C22DA546D500C17E18 /* SymbolPicker in Frameworks */,
				427C181A2BD3123C00955B98 /* Defaults in Frameworks */,
				4279AFED2C6A175500952A83 /* LaunchAtLogin in Frameworks */,
				427C18172BD311ED00955B98 /* KeyboardShortcuts in Frameworks */,
			);
			runOnlyForDeploymentPostprocessing = 0;
		};
		427C17F52BD311B500955B98 /* Frameworks */ = {
			isa = PBXFrameworksBuildPhase;
			buildActionMask = 2147483647;
			files = (
			);
			runOnlyForDeploymentPostprocessing = 0;
		};
/* End PBXFrameworksBuildPhase section */

/* Begin PBXGroup section */
		423632232D68CB0F00878D92 /* Themes */ = {
			isa = PBXGroup;
			children = (
				130196C52D73B3DC0093148B /* Breadcrumbs.swift */,
				423632212D68CA6500878D92 /* MysteryBox.swift */,
				4254953F2D75EFAD0020300E /* ForTheHorde.swift */,
				423632252D68CDBB00878D92 /* Mini.swift */,
				606C56EE2DAB875A00198B9F /* Cheater.swift */,
			);
			path = Themes;
			sourceTree = "<group>";
		};
		423632242D68CC5D00878D92 /* Settings */ = {
			isa = PBXGroup;
			children = (
				427C18242BD31E2E00955B98 /* GeneralPane.swift */,
				42FDC3192D51687B004F5C5C /* AdvancedPane.swift */,
			);
			path = Settings;
			sourceTree = "<group>";
		};
		427C17DE2BD311B400955B98 = {
			isa = PBXGroup;
			children = (
				427C17E92BD311B400955B98 /* Leader Key */,
				427C17FB2BD311B500955B98 /* Leader KeyTests */,
				427C17E82BD311B400955B98 /* Products */,
				42E70A552C823FF200FCF902 /* Frameworks */,
			);
			sourceTree = "<group>";
		};
		427C17E82BD311B400955B98 /* Products */ = {
			isa = PBXGroup;
			children = (
				427C17E72BD311B400955B98 /* Leader Key.app */,
				427C17F82BD311B500955B98 /* Leader KeyTests.xctest */,
			);
			name = Products;
			sourceTree = "<group>";
		};
		427C17E92BD311B400955B98 /* Leader Key */ = {
			isa = PBXGroup;
			children = (
				42B21FBB2D67566100F4A2C7 /* Alerts.swift */,
				427C181F2BD31C3D00955B98 /* AppDelegate.swift */,
				73192AF63CAF425397D7C0D2 /* URLSchemeHandler.swift */,
				42F4CDCE2D46E2B300D0DD76 /* Cheatsheet.swift */,
				426E625A2D2E6A98009FD2F2 /* CommandRunner.swift */,
				42454DDA2D71CB39004E1374 /* ConfigValidator.swift */,
				427C181B2BD314B500955B98 /* Constants.swift */,
				427C18272BD31E2E00955B98 /* Controller.swift */,
				427C184C2BD65C5C00955B98 /* Defaults.swift */,
				6A9D3E8001A24B6300D4C101 /* RightCommandMonitor.swift */,
				42DFCD712D5B7D46002EA111 /* Events.swift */,
				42F4CDD02D48C51F00D0DD76 /* Extensions.swift */,
				42F4CDC82D458FF700D0DD76 /* MainMenu.swift */,
				427C18252BD31E2E00955B98 /* MainWindow.swift */,
				427C18532BD6E59300955B98 /* NSWindow+Animations.swift */,
				427C182C2BD31F9500955B98 /* Settings.swift */,
				427C18262BD31E2E00955B98 /* StatusItem.swift */,
				423632272D6A806700878D92 /* Theme.swift */,
				427C183A2BD329F900955B98 /* UserConfig.swift */,
				427C182E2BD3206200955B98 /* UserState.swift */,
				427C184F2BD6652500955B98 /* Util.swift */,
				427C17EE2BD311B500955B98 /* Assets.xcassets */,
				423632242D68CC5D00878D92 /* Settings */,
				427C18362BD3243C00955B98 /* Support */,
				423632232D68CB0F00878D92 /* Themes */,
				427C18392BD3268000955B98 /* Views */,
			);
			path = "Leader Key";
			sourceTree = "<group>";
		};
		427C17F02BD311B500955B98 /* Preview Content */ = {
			isa = PBXGroup;
			children = (
				427C17F12BD311B500955B98 /* Preview Assets.xcassets */,
			);
			path = "Preview Content";
			sourceTree = "<group>";
		};
		427C17FB2BD311B500955B98 /* Leader KeyTests */ = {
			isa = PBXGroup;
			children = (
				4284834B2E813212009D7EEF /* KeyboardLayoutTests.swift */,
				42454DDC2D71CBAB004E1374 /* ConfigValidatorTests.swift */,
				EC5CEBC4C47B4C5DB2258814 /* URLSchemeTests.swift */,
				427C17FC2BD311B500955B98 /* UserConfigTests.swift */,
				6A9D3E8201A24B6300D4C101 /* RightCommandMonitorTests.swift */,
			);
			path = "Leader KeyTests";
			sourceTree = "<group>";
		};
		427C18362BD3243C00955B98 /* Support */ = {
			isa = PBXGroup;
			children = (
				4279AFEA2C6A08B100952A83 /* Info.plist */,
				423632142D678F4400878D92 /* TestPlan.xctestplan */,
				427C17F02BD311B500955B98 /* Preview Content */,
				427C17F32BD311B500955B98 /* Leader_Key.entitlements */,
				427C18342BD3232200955B98 /* Main.storyboard */,
			);
			path = Support;
			sourceTree = "<group>";
		};
		427C18392BD3268000955B98 /* Views */ = {
			isa = PBXGroup;
			children = (
				605385A22D523CAD00BEDB4B /* Pulsate.swift */,
				6D9B9C002DBA000000000001 /* ConfigOutlineEditorView.swift */,
				427C18372BD3262100955B98 /* VisualEffectBackground.swift */,
				42F4CDCC2D45B13600D0DD76 /* KeyButton.swift */,
				6D9B9C032DBA000000000002 /* KeyCapture.swift */,
				6D9B9C052DBA000000000003 /* ConfigEditorShared.swift */,
				115AA5BE2DA521C200C17E18 /* ActionIcon.swift */,
			);
			path = Views;
			sourceTree = "<group>";
		};
		42E70A552C823FF200FCF902 /* Frameworks */ = {
			isa = PBXGroup;
			children = (
			);
			name = Frameworks;
			sourceTree = "<group>";
		};
/* End PBXGroup section */

/* Begin PBXNativeTarget section */
		427C17E62BD311B400955B98 /* Leader Key */ = {
			isa = PBXNativeTarget;
			buildConfigurationList = 427C180C2BD311B500955B98 /* Build configuration list for PBXNativeTarget "Leader Key" */;
			buildPhases = (
				42D6FF682DA513A400C8257C /* Format */,
				427C17E32BD311B400955B98 /* Sources */,
				427C17E42BD311B400955B98 /* Frameworks */,
				427C17E52BD311B400955B98 /* Resources */,
			);
			buildRules = (
			);
			dependencies = (
				4236321E2D6799C600878D92 /* PBXTargetDependency */,
			);
			name = "Leader Key";
			packageProductDependencies = (
				427C18162BD311ED00955B98 /* KeyboardShortcuts */,
				427C18192BD3123C00955B98 /* Defaults */,
				427C18222BD31DF100955B98 /* Settings */,
				4279AFEC2C6A175500952A83 /* LaunchAtLogin */,
				42E70A562C823FF200FCF902 /* Sparkle */,
				115AA5C12DA546D500C17E18 /* SymbolPicker */,
				FBCA04D82D9F02F700271163 /* Kingfisher */,
			);
			productName = "Leader Key";
			productReference = 427C17E72BD311B400955B98 /* Leader Key.app */;
			productType = "com.apple.product-type.application";
		};
		427C17F72BD311B500955B98 /* Leader KeyTests */ = {
			isa = PBXNativeTarget;
			buildConfigurationList = 427C180F2BD311B500955B98 /* Build configuration list for PBXNativeTarget "Leader KeyTests" */;
			buildPhases = (
				427C17F42BD311B500955B98 /* Sources */,
				427C17F52BD311B500955B98 /* Frameworks */,
				427C17F62BD311B500955B98 /* Resources */,
			);
			buildRules = (
			);
			dependencies = (
				427C17FA2BD311B500955B98 /* PBXTargetDependency */,
			);
			name = "Leader KeyTests";
			productName = "Leader KeyTests";
			productReference = 427C17F82BD311B500955B98 /* Leader KeyTests.xctest */;
			productType = "com.apple.product-type.bundle.unit-test";
		};
/* End PBXNativeTarget section */

/* Begin PBXProject section */
		427C17DF2BD311B400955B98 /* Project object */ = {
			isa = PBXProject;
			attributes = {
				BuildIndependentTargetsInParallel = 1;
				LastSwiftUpdateCheck = 1530;
				LastUpgradeCheck = 2600;
				TargetAttributes = {
					427C17E62BD311B400955B98 = {
						CreatedOnToolsVersion = 15.3;
					};
					427C17F72BD311B500955B98 = {
						CreatedOnToolsVersion = 15.3;
						TestTargetID = 427C17E62BD311B400955B98;
					};
				};
			};
			buildConfigurationList = 427C17E22BD311B400955B98 /* Build configuration list for PBXProject "Leader Key" */;
			compatibilityVersion = "Xcode 14.0";
			developmentRegion = en;
			hasScannedForEncodings = 0;
			knownRegions = (
				en,
				Base,
			);
			mainGroup = 427C17DE2BD311B400955B98;
			packageReferences = (
				427C18152BD311EC00955B98 /* XCRemoteSwiftPackageReference "KeyboardShortcuts" */,
				427C18182BD3123C00955B98 /* XCRemoteSwiftPackageReference "Defaults" */,
				427C18212BD31DF100955B98 /* XCRemoteSwiftPackageReference "Settings" */,
				4279AFE92C6A070300952A83 /* XCRemoteSwiftPackageReference "Sparkle" */,
				4279AFEB2C6A175500952A83 /* XCRemoteSwiftPackageReference "LaunchAtLogin-Modern" */,
				4236321C2D6799B900878D92 /* XCRemoteSwiftPackageReference "SwiftFormatPlugins" */,
				115AA5C02DA5463700C17E18 /* XCRemoteSwiftPackageReference "SymbolPicker" */,
				FB00D5262D824E2C00A37486 /* XCRemoteSwiftPackageReference "Kingfisher" */,
			);
			productRefGroup = 427C17E82BD311B400955B98 /* Products */;
			projectDirPath = "";
			projectRoot = "";
			targets = (
				427C17E62BD311B400955B98 /* Leader Key */,
				427C17F72BD311B500955B98 /* Leader KeyTests */,
			);
		};
/* End PBXProject section */

/* Begin PBXResourcesBuildPhase section */
		427C17E52BD311B400955B98 /* Resources */ = {
			isa = PBXResourcesBuildPhase;
			buildActionMask = 2147483647;
			files = (
				427C18352BD3232200955B98 /* Main.storyboard in Resources */,
				427C17F22BD311B500955B98 /* Preview Assets.xcassets in Resources */,
				427C17EF2BD311B500955B98 /* Assets.xcassets in Resources */,
			);
			runOnlyForDeploymentPostprocessing = 0;
		};
		427C17F62BD311B500955B98 /* Resources */ = {
			isa = PBXResourcesBuildPhase;
			buildActionMask = 2147483647;
			files = (
			);
			runOnlyForDeploymentPostprocessing = 0;
		};
/* End PBXResourcesBuildPhase section */

/* Begin PBXShellScriptBuildPhase section */
		42D6FF682DA513A400C8257C /* Format */ = {
			isa = PBXShellScriptBuildPhase;
			alwaysOutOfDate = 1;
			buildActionMask = 2147483647;
			files = (
			);
			inputFileListPaths = (
			);
			inputPaths = (
			);
			name = Format;
			outputFileListPaths = (
			);
			outputPaths = (
			);
			runOnlyForDeploymentPostprocessing = 0;
			shellPath = /bin/sh;
			shellScript = "# Type a script or drag a script file from your workspace to insert its path.\n/usr/bin/swift format -r -i .\n";
		};
/* End PBXShellScriptBuildPhase section */

/* Begin PBXSourcesBuildPhase section */
		427C17E32BD311B400955B98 /* Sources */ = {
			isa = PBXSourcesBuildPhase;
			buildActionMask = 2147483647;
			files = (
				427C182B2BD31E2E00955B98 /* Controller.swift in Sources */,
				423632222D68CA6500878D92 /* MysteryBox.swift in Sources */,
				605385A32D523CAD00BEDB4B /* Pulsate.swift in Sources */,
				42F4CDC92D458FF700D0DD76 /* MainMenu.swift in Sources */,
				42454DDB2D71CB39004E1374 /* ConfigValidator.swift in Sources */,
				427C184D2BD65C5C00955B98 /* Defaults.swift in Sources */,
				6A9D3E8101A24B6300D4C101 /* RightCommandMonitor.swift in Sources */,
				427C18292BD31E2E00955B98 /* MainWindow.swift in Sources */,
				42FDC31A2D51687B004F5C5C /* AdvancedPane.swift in Sources */,
				115AA5BF2DA521C600C17E18 /* ActionIcon.swift in Sources */,
				425495402D75EFAD0020300E /* ForTheHorde.swift in Sources */,
				42F4CDCF2D46E2B300D0DD76 /* Cheatsheet.swift in Sources */,
				42DFCD722D5B7D48002EA111 /* Events.swift in Sources */,
				427C182D2BD31F9500955B98 /* Settings.swift in Sources */,
				426E625B2D2E6A98009FD2F2 /* CommandRunner.swift in Sources */,
				427C18382BD3262100955B98 /* VisualEffectBackground.swift in Sources */,
				42B21FBC2D67566100F4A2C7 /* Alerts.swift in Sources */,
				427C183B2BD329F900955B98 /* UserConfig.swift in Sources */,
				427C18542BD6E59300955B98 /* NSWindow+Animations.swift in Sources */,
				130196C62D73B3DE0093148B /* Breadcrumbs.swift in Sources */,
				423632262D68CDBB00878D92 /* Mini.swift in Sources */,
				427C18282BD31E2E00955B98 /* GeneralPane.swift in Sources */,
				423632282D6A806700878D92 /* Theme.swift in Sources */,
				6D9B9C012DBA000000000001 /* ConfigOutlineEditorView.swift in Sources */,
				6D9B9C042DBA000000000002 /* KeyCapture.swift in Sources */,
				6D9B9C062DBA000000000003 /* ConfigEditorShared.swift in Sources */,
				42F4CDD12D48C52400D0DD76 /* Extensions.swift in Sources */,
				427C182F2BD3206200955B98 /* UserState.swift in Sources */,
				427C18202BD31C3D00955B98 /* AppDelegate.swift in Sources */,
				73192AF63CAF425397D7C0D1 /* URLSchemeHandler.swift in Sources */,
				427C18502BD6652500955B98 /* Util.swift in Sources */,
				427C182A2BD31E2E00955B98 /* StatusItem.swift in Sources */,
				42F4CDCD2D45B13600D0DD76 /* KeyButton.swift in Sources */,
				606C56EF2DAB875A00198B9F /* Cheater.swift in Sources */,
				427C181C2BD314B500955B98 /* Constants.swift in Sources */,
			);
			runOnlyForDeploymentPostprocessing = 0;
		};
		427C17F42BD311B500955B98 /* Sources */ = {
			isa = PBXSourcesBuildPhase;
			buildActionMask = 2147483647;
			files = (
				42454DDD2D71CBAB004E1374 /* ConfigValidatorTests.swift in Sources */,
				EC5CEBC4C47B4C5DB2258813 /* URLSchemeTests.swift in Sources */,
				427C17FD2BD311B500955B98 /* UserConfigTests.swift in Sources */,
				4284834C2E813212009D7EEF /* KeyboardLayoutTests.swift in Sources */,
				6A9D3E8301A24B6300D4C101 /* RightCommandMonitorTests.swift in Sources */,
			);
			runOnlyForDeploymentPostprocessing = 0;
		};
/* End PBXSourcesBuildPhase section */

/* Begin PBXTargetDependency section */
		4236321E2D6799C600878D92 /* PBXTargetDependency */ = {
			isa = PBXTargetDependency;
			productRef = 4236321D2D6799C600878D92 /* Lint */;
		};
		427C17FA2BD311B500955B98 /* PBXTargetDependency */ = {
			isa = PBXTargetDependency;
			target = 427C17E62BD311B400955B98 /* Leader Key */;
			targetProxy = 427C17F92BD311B500955B98 /* PBXContainerItemProxy */;
		};
/* End PBXTargetDependency section */

/* Begin XCBuildConfiguration section */
		427C180A2BD311B500955B98 /* Debug */ = {
			isa = XCBuildConfiguration;
			buildSettings = {
				ALWAYS_SEARCH_USER_PATHS = NO;
				ASSETCATALOG_COMPILER_GENERATE_SWIFT_ASSET_SYMBOL_EXTENSIONS = YES;
				CLANG_ANALYZER_NONNULL = YES;
				CLANG_ANALYZER_NUMBER_OBJECT_CONVERSION = YES_AGGRESSIVE;
				CLANG_CXX_LANGUAGE_STANDARD = "gnu++20";
				CLANG_ENABLE_MODULES = YES;
				CLANG_ENABLE_OBJC_ARC = YES;
				CLANG_ENABLE_OBJC_WEAK = YES;
				CLANG_WARN_BLOCK_CAPTURE_AUTORELEASING = YES;
				CLANG_WARN_BOOL_CONVERSION = YES;
				CLANG_WARN_COMMA = YES;
				CLANG_WARN_CONSTANT_CONVERSION = YES;
				CLANG_WARN_DEPRECATED_OBJC_IMPLEMENTATIONS = YES;
				CLANG_WARN_DIRECT_OBJC_ISA_USAGE = YES_ERROR;
				CLANG_WARN_DOCUMENTATION_COMMENTS = YES;
				CLANG_WARN_EMPTY_BODY = YES;
				CLANG_WARN_ENUM_CONVERSION = YES;
				CLANG_WARN_INFINITE_RECURSION = YES;
				CLANG_WARN_INT_CONVERSION = YES;
				CLANG_WARN_NON_LITERAL_NULL_CONVERSION = YES;
				CLANG_WARN_OBJC_IMPLICIT_RETAIN_SELF = YES;
				CLANG_WARN_OBJC_LITERAL_CONVERSION = YES;
				CLANG_WARN_OBJC_ROOT_CLASS = YES_ERROR;
				CLANG_WARN_QUOTED_INCLUDE_IN_FRAMEWORK_HEADER = YES;
				CLANG_WARN_RANGE_LOOP_ANALYSIS = YES;
				CLANG_WARN_STRICT_PROTOTYPES = YES;
				CLANG_WARN_SUSPICIOUS_MOVE = YES;
				CLANG_WARN_UNGUARDED_AVAILABILITY = YES_AGGRESSIVE;
				CLANG_WARN_UNREACHABLE_CODE = YES;
				CLANG_WARN__DUPLICATE_METHOD_MATCH = YES;
				COPY_PHASE_STRIP = NO;
				DEAD_CODE_STRIPPING = YES;
				DEBUG_INFORMATION_FORMAT = dwarf;
				DEVELOPMENT_TEAM = DDB8SQMXS9;
				ENABLE_STRICT_OBJC_MSGSEND = YES;
				ENABLE_TESTABILITY = YES;
				ENABLE_USER_SCRIPT_SANDBOXING = YES;
				GCC_C_LANGUAGE_STANDARD = gnu17;
				GCC_DYNAMIC_NO_PIC = NO;
				GCC_NO_COMMON_BLOCKS = YES;
				GCC_OPTIMIZATION_LEVEL = 0;
				GCC_PREPROCESSOR_DEFINITIONS = (
					"DEBUG=1",
					"$(inherited)",
				);
				GCC_WARN_64_TO_32_BIT_CONVERSION = YES;
				GCC_WARN_ABOUT_RETURN_TYPE = YES_ERROR;
				GCC_WARN_UNDECLARED_SELECTOR = YES;
				GCC_WARN_UNINITIALIZED_AUTOS = YES_AGGRESSIVE;
				GCC_WARN_UNUSED_FUNCTION = YES;
				GCC_WARN_UNUSED_VARIABLE = YES;
				LOCALIZATION_PREFERS_STRING_CATALOGS = YES;
				MACOSX_DEPLOYMENT_TARGET = 14.4;
				MTL_ENABLE_DEBUG_INFO = INCLUDE_SOURCE;
				MTL_FAST_MATH = YES;
				ONLY_ACTIVE_ARCH = YES;
				SDKROOT = macosx;
				STRING_CATALOG_GENERATE_SYMBOLS = YES;
				SWIFT_ACTIVE_COMPILATION_CONDITIONS = "DEBUG $(inherited)";
				SWIFT_OPTIMIZATION_LEVEL = "-Onone";
			};
			name = Debug;
		};
		427C180B2BD311B500955B98 /* Release */ = {
			isa = XCBuildConfiguration;
			buildSettings = {
				ALWAYS_SEARCH_USER_PATHS = NO;
				ASSETCATALOG_COMPILER_GENERATE_SWIFT_ASSET_SYMBOL_EXTENSIONS = YES;
				CLANG_ANALYZER_NONNULL = YES;
				CLANG_ANALYZER_NUMBER_OBJECT_CONVERSION = YES_AGGRESSIVE;
				CLANG_CXX_LANGUAGE_STANDARD = "gnu++20";
				CLANG_ENABLE_MODULES = YES;
				CLANG_ENABLE_OBJC_ARC = YES;
				CLANG_ENABLE_OBJC_WEAK = YES;
				CLANG_WARN_BLOCK_CAPTURE_AUTORELEASING = YES;
				CLANG_WARN_BOOL_CONVERSION = YES;
				CLANG_WARN_COMMA = YES;
				CLANG_WARN_CONSTANT_CONVERSION = YES;
				CLANG_WARN_DEPRECATED_OBJC_IMPLEMENTATIONS = YES;
				CLANG_WARN_DIRECT_OBJC_ISA_USAGE = YES_ERROR;
				CLANG_WARN_DOCUMENTATION_COMMENTS = YES;
				CLANG_WARN_EMPTY_BODY = YES;
				CLANG_WARN_ENUM_CONVERSION = YES;
				CLANG_WARN_INFINITE_RECURSION = YES;
				CLANG_WARN_INT_CONVERSION = YES;
				CLANG_WARN_NON_LITERAL_NULL_CONVERSION = YES;
				CLANG_WARN_OBJC_IMPLICIT_RETAIN_SELF = YES;
				CLANG_WARN_OBJC_LITERAL_CONVERSION = YES;
				CLANG_WARN_OBJC_ROOT_CLASS = YES_ERROR;
				CLANG_WARN_QUOTED_INCLUDE_IN_FRAMEWORK_HEADER = YES;
				CLANG_WARN_RANGE_LOOP_ANALYSIS = YES;
				CLANG_WARN_STRICT_PROTOTYPES = YES;
				CLANG_WARN_SUSPICIOUS_MOVE = YES;
				CLANG_WARN_UNGUARDED_AVAILABILITY = YES_AGGRESSIVE;
				CLANG_WARN_UNREACHABLE_CODE = YES;
				CLANG_WARN__DUPLICATE_METHOD_MATCH = YES;
				COPY_PHASE_STRIP = NO;
				DEAD_CODE_STRIPPING = YES;
				DEBUG_INFORMATION_FORMAT = "dwarf-with-dsym";
				DEVELOPMENT_TEAM = DDB8SQMXS9;
				ENABLE_NS_ASSERTIONS = NO;
				ENABLE_STRICT_OBJC_MSGSEND = YES;
				ENABLE_USER_SCRIPT_SANDBOXING = YES;
				GCC_C_LANGUAGE_STANDARD = gnu17;
				GCC_NO_COMMON_BLOCKS = YES;
				GCC_WARN_64_TO_32_BIT_CONVERSION = YES;
				GCC_WARN_ABOUT_RETURN_TYPE = YES_ERROR;
				GCC_WARN_UNDECLARED_SELECTOR = YES;
				GCC_WARN_UNINITIALIZED_AUTOS = YES_AGGRESSIVE;
				GCC_WARN_UNUSED_FUNCTION = YES;
				GCC_WARN_UNUSED_VARIABLE = YES;
				LOCALIZATION_PREFERS_STRING_CATALOGS = YES;
				MACOSX_DEPLOYMENT_TARGET = 14.4;
				MTL_ENABLE_DEBUG_INFO = NO;
				MTL_FAST_MATH = YES;
				SDKROOT = macosx;
				STRING_CATALOG_GENERATE_SYMBOLS = YES;
				SWIFT_COMPILATION_MODE = wholemodule;
			};
			name = Release;
		};
		A1B2C3D42C3D4E5F00112233 /* Beta */ = {
			isa = XCBuildConfiguration;
			buildSettings = {
				MACOSX_DEPLOYMENT_TARGET = 14.4;
				SDKROOT = macosx;
				SWIFT_ACTIVE_COMPILATION_CONDITIONS = "BETA $(inherited)";
			};
			name = Beta;
		};
		427C180D2BD311B500955B98 /* Debug */ = {
			isa = XCBuildConfiguration;
			buildSettings = {
				ASSETCATALOG_COMPILER_APPICON_NAME = AppIcon;
				ASSETCATALOG_COMPILER_GLOBAL_ACCENT_COLOR_NAME = AccentColor;
				ASSETCATALOG_COMPILER_INCLUDE_ALL_APPICON_ASSETS = YES;
				CODE_SIGN_ENTITLEMENTS = "Leader Key/Leader_Key.entitlements";
				"CODE_SIGN_IDENTITY[sdk=macosx*]" = "Apple Development";
				CODE_SIGN_STYLE = Automatic;
				COMBINE_HIDPI_IMAGES = YES;
				CURRENT_PROJECT_VERSION = 155;
				DEAD_CODE_STRIPPING = YES;
				DEVELOPMENT_ASSET_PATHS = "\"Leader Key/Support/Preview Content\"";
				ENABLE_HARDENED_RUNTIME = YES;
				ENABLE_PREVIEWS = YES;
				GENERATE_INFOPLIST_FILE = YES;
				INFOPLIST_FILE = "Leader Key/Support/Info.plist";
				INFOPLIST_KEY_CFBundleDisplayName = "Leader Key";
				INFOPLIST_KEY_LSApplicationCategoryType = "public.app-category.utilities";
				INFOPLIST_KEY_LSUIElement = YES;
				INFOPLIST_KEY_NSHumanReadableCopyright = "";
				INFOPLIST_KEY_NSMainStoryboardFile = Main;
				INFOPLIST_KEY_NSPrincipalClass = NSApplication;
				LD_RUNPATH_SEARCH_PATHS = (
					"$(inherited)",
					"@executable_path/../Frameworks",
				);
				MACOSX_DEPLOYMENT_TARGET = 13.0;
				MARKETING_VERSION = 1.17.3;
				PRODUCT_BUNDLE_IDENTIFIER = "com.brnbw.Leader-Key";
				PRODUCT_NAME = "$(TARGET_NAME)";
				SWIFT_EMIT_LOC_STRINGS = YES;
				SWIFT_VERSION = 5.0;
			};
			name = Debug;
		};
		427C180E2BD311B500955B98 /* Release */ = {
			isa = XCBuildConfiguration;
			buildSettings = {
				ASSETCATALOG_COMPILER_APPICON_NAME = AppIcon;
				ASSETCATALOG_COMPILER_GLOBAL_ACCENT_COLOR_NAME = AccentColor;
				ASSETCATALOG_COMPILER_INCLUDE_ALL_APPICON_ASSETS = YES;
				CODE_SIGN_ENTITLEMENTS = "Leader Key/Leader_Key.entitlements";
				"CODE_SIGN_IDENTITY[sdk=macosx*]" = "Apple Development";
				CODE_SIGN_STYLE = Automatic;
				COMBINE_HIDPI_IMAGES = YES;
				CURRENT_PROJECT_VERSION = 155;
				DEAD_CODE_STRIPPING = YES;
				DEVELOPMENT_ASSET_PATHS = "\"Leader Key/Support/Preview Content\"";
				ENABLE_HARDENED_RUNTIME = YES;
				ENABLE_PREVIEWS = YES;
				GENERATE_INFOPLIST_FILE = YES;
				INFOPLIST_FILE = "Leader Key/Support/Info.plist";
				INFOPLIST_KEY_CFBundleDisplayName = "Leader Key";
				INFOPLIST_KEY_LSApplicationCategoryType = "public.app-category.utilities";
				INFOPLIST_KEY_LSUIElement = YES;
				INFOPLIST_KEY_NSHumanReadableCopyright = "";
				INFOPLIST_KEY_NSMainStoryboardFile = Main;
				INFOPLIST_KEY_NSPrincipalClass = NSApplication;
				LD_RUNPATH_SEARCH_PATHS = (
					"$(inherited)",
					"@executable_path/../Frameworks",
				);
				MACOSX_DEPLOYMENT_TARGET = 13.0;
				MARKETING_VERSION = 1.17.3;
				PRODUCT_BUNDLE_IDENTIFIER = "com.brnbw.Leader-Key";
				PRODUCT_NAME = "$(TARGET_NAME)";
				SWIFT_EMIT_LOC_STRINGS = YES;
				SWIFT_VERSION = 5.0;
			};
			name = Release;
		};
		A1B2C3D52C3D4E5F00112233 /* Beta */ = {
			isa = XCBuildConfiguration;
			buildSettings = {
				ASSETCATALOG_COMPILER_APPICON_NAME = AppIcon;
				ASSETCATALOG_COMPILER_GLOBAL_ACCENT_COLOR_NAME = AccentColor;
				ASSETCATALOG_COMPILER_INCLUDE_ALL_APPICON_ASSETS = YES;
				CODE_SIGN_ENTITLEMENTS = "Leader Key/Leader_Key.entitlements";
				"CODE_SIGN_IDENTITY[sdk=macosx*]" = "Apple Development";
				CODE_SIGN_STYLE = Automatic;
				COMBINE_HIDPI_IMAGES = YES;
				CURRENT_PROJECT_VERSION = 155;
				DEAD_CODE_STRIPPING = YES;
				DEVELOPMENT_ASSET_PATHS = "\"Leader Key/Support/Preview Content\"";
				ENABLE_HARDENED_RUNTIME = YES;
				ENABLE_PREVIEWS = YES;
				GENERATE_INFOPLIST_FILE = YES;
				INFOPLIST_FILE = "Leader Key/Support/Beta-Info.plist";
				INFOPLIST_KEY_CFBundleDisplayName = "Leader Key Beta";
				INFOPLIST_KEY_LSApplicationCategoryType = "public.app-category.utilities";
				INFOPLIST_KEY_LSUIElement = YES;
				INFOPLIST_KEY_NSHumanReadableCopyright = "";
				INFOPLIST_KEY_NSMainStoryboardFile = Main;
				INFOPLIST_KEY_NSPrincipalClass = NSApplication;
				LD_RUNPATH_SEARCH_PATHS = (
					"$(inherited)",
					"@executable_path/../Frameworks",
				);
				MACOSX_DEPLOYMENT_TARGET = 13.0;
				MARKETING_VERSION = 1.17.3;
				PRODUCT_BUNDLE_IDENTIFIER = "com.brnbw.Leader-Key.beta";
				PRODUCT_NAME = "Leader Key Beta";
				SWIFT_EMIT_LOC_STRINGS = YES;
				SWIFT_VERSION = 5.0;
			};
			name = Beta;
		};
		427C18102BD311B500955B98 /* Debug */ = {
			isa = XCBuildConfiguration;
			buildSettings = {
				BUNDLE_LOADER = "$(TEST_HOST)";
				CODE_SIGN_STYLE = Automatic;
				CURRENT_PROJECT_VERSION = 155;
				DEAD_CODE_STRIPPING = YES;
				GENERATE_INFOPLIST_FILE = YES;
				MACOSX_DEPLOYMENT_TARGET = 13.5;
				MARKETING_VERSION = 1.0;
				PRODUCT_BUNDLE_IDENTIFIER = "com.brnbw.Leader-KeyTests";
				PRODUCT_NAME = "$(TARGET_NAME)";
				SWIFT_EMIT_LOC_STRINGS = NO;
				SWIFT_VERSION = 5.0;
				TEST_HOST = "$(BUILT_PRODUCTS_DIR)/Leader Key.app/$(BUNDLE_EXECUTABLE_FOLDER_PATH)/Leader Key";
			};
			name = Debug;
		};
		427C18112BD311B500955B98 /* Release */ = {
			isa = XCBuildConfiguration;
			buildSettings = {
				BUNDLE_LOADER = "$(TEST_HOST)";
				CODE_SIGN_STYLE = Automatic;
				CURRENT_PROJECT_VERSION = 155;
				DEAD_CODE_STRIPPING = YES;
				GENERATE_INFOPLIST_FILE = YES;
				MACOSX_DEPLOYMENT_TARGET = 13.5;
				MARKETING_VERSION = 1.0;
				PRODUCT_BUNDLE_IDENTIFIER = "com.brnbw.Leader-KeyTests";
				PRODUCT_NAME = "$(TARGET_NAME)";
				SWIFT_EMIT_LOC_STRINGS = NO;
				SWIFT_VERSION = 5.0;
				TEST_HOST = "$(BUILT_PRODUCTS_DIR)/Leader Key.app/$(BUNDLE_EXECUTABLE_FOLDER_PATH)/Leader Key";
			};
			name = Release;
		};
/* End XCBuildConfiguration section */

/* Begin XCConfigurationList section */
		427C17E22BD311B400955B98 /* Build configuration list for PBXProject "Leader Key" */ = {
			isa = XCConfigurationList;
			buildConfigurations = (
				427C180A2BD311B500955B98 /* Debug */,
				427C180B2BD311B500955B98 /* Release */,
				A1B2C3D42C3D4E5F00112233 /* Beta */,
			);
			defaultConfigurationIsVisible = 0;
			defaultConfigurationName = Release;
		};
		427C180C2BD311B500955B98 /* Build configuration list for PBXNativeTarget "Leader Key" */ = {
			isa = XCConfigurationList;
			buildConfigurations = (
				427C180D2BD311B500955B98 /* Debug */,
				427C180E2BD311B500955B98 /* Release */,
				A1B2C3D52C3D4E5F00112233 /* Beta */,
			);
			defaultConfigurationIsVisible = 0;
			defaultConfigurationName = Release;
		};
		427C180F2BD311B500955B98 /* Build configuration list for PBXNativeTarget "Leader KeyTests" */ = {
			isa = XCConfigurationList;
			buildConfigurations = (
				427C18102BD311B500955B98 /* Debug */,
				427C18112BD311B500955B98 /* Release */,
			);
			defaultConfigurationIsVisible = 0;
			defaultConfigurationName = Release;
		};
/* End XCConfigurationList section */

/* Begin XCRemoteSwiftPackageReference section */
		115AA5C02DA5463700C17E18 /* XCRemoteSwiftPackageReference "SymbolPicker" */ = {
			isa = XCRemoteSwiftPackageReference;
			repositoryURL = "https://github.com/xnth97/SymbolPicker";
			requirement = {
				kind = upToNextMajorVersion;
				minimumVersion = 1.6.2;
			};
		};
		4236321C2D6799B900878D92 /* XCRemoteSwiftPackageReference "SwiftFormatPlugins" */ = {
			isa = XCRemoteSwiftPackageReference;
			repositoryURL = "https://github.com/StarLard/SwiftFormatPlugins.git";
			requirement = {
				kind = upToNextMajorVersion;
				minimumVersion = 1.1.1;
			};
		};
		4279AFE92C6A070300952A83 /* XCRemoteSwiftPackageReference "Sparkle" */ = {
			isa = XCRemoteSwiftPackageReference;
			repositoryURL = "https://github.com/sparkle-project/Sparkle";
			requirement = {
				kind = upToNextMajorVersion;
				minimumVersion = 2.6.4;
			};
		};
		4279AFEB2C6A175500952A83 /* XCRemoteSwiftPackageReference "LaunchAtLogin-Modern" */ = {
			isa = XCRemoteSwiftPackageReference;
			repositoryURL = "https://github.com/sindresorhus/LaunchAtLogin-Modern";
			requirement = {
				kind = upToNextMajorVersion;
				minimumVersion = 1.1.0;
			};
		};
		427C18152BD311EC00955B98 /* XCRemoteSwiftPackageReference "KeyboardShortcuts" */ = {
			isa = XCRemoteSwiftPackageReference;
			repositoryURL = "https://github.com/sindresorhus/KeyboardShortcuts";
			requirement = {
				kind = upToNextMajorVersion;
				minimumVersion = 2.0.0;
			};
		};
		427C18182BD3123C00955B98 /* XCRemoteSwiftPackageReference "Defaults" */ = {
			isa = XCRemoteSwiftPackageReference;
			repositoryURL = "https://github.com/sindresorhus/Defaults";
			requirement = {
				kind = upToNextMajorVersion;
				minimumVersion = 9.0.1;
			};
		};
		427C18212BD31DF100955B98 /* XCRemoteSwiftPackageReference "Settings" */ = {
			isa = XCRemoteSwiftPackageReference;
			repositoryURL = "https://github.com/sindresorhus/Settings";
			requirement = {
				kind = upToNextMajorVersion;
				minimumVersion = 3.1.0;
			};
		};
		FB00D5262D824E2C00A37486 /* XCRemoteSwiftPackageReference "Kingfisher" */ = {
			isa = XCRemoteSwiftPackageReference;
			repositoryURL = "https://github.com/onevcat/Kingfisher.git";
			requirement = {
				kind = upToNextMajorVersion;
				minimumVersion = 8.3.0;
			};
		};
/* End XCRemoteSwiftPackageReference section */

/* Begin XCSwiftPackageProductDependency section */
		115AA5C12DA546D500C17E18 /* SymbolPicker */ = {
			isa = XCSwiftPackageProductDependency;
			package = 115AA5C02DA5463700C17E18 /* XCRemoteSwiftPackageReference "SymbolPicker" */;
			productName = SymbolPicker;
		};
		4236321D2D6799C600878D92 /* Lint */ = {
			isa = XCSwiftPackageProductDependency;
			package = 4236321C2D6799B900878D92 /* XCRemoteSwiftPackageReference "SwiftFormatPlugins" */;
			productName = "plugin:Lint";
		};
		4279AFEC2C6A175500952A83 /* LaunchAtLogin */ = {
			isa = XCSwiftPackageProductDependency;
			package = 4279AFEB2C6A175500952A83 /* XCRemoteSwiftPackageReference "LaunchAtLogin-Modern" */;
			productName = LaunchAtLogin;
		};
		427C18162BD311ED00955B98 /* KeyboardShortcuts */ = {
			isa = XCSwiftPackageProductDependency;
			package = 427C18152BD311EC00955B98 /* XCRemoteSwiftPackageReference "KeyboardShortcuts" */;
			productName = KeyboardShortcuts;
		};
		427C18192BD3123C00955B98 /* Defaults */ = {
			isa = XCSwiftPackageProductDependency;
			package = 427C18182BD3123C00955B98 /* XCRemoteSwiftPackageReference "Defaults" */;
			productName = Defaults;
		};
		427C18222BD31DF100955B98 /* Settings */ = {
			isa = XCSwiftPackageProductDependency;
			package = 427C18212BD31DF100955B98 /* XCRemoteSwiftPackageReference "Settings" */;
			productName = Settings;
		};
		42E70A562C823FF200FCF902 /* Sparkle */ = {
			isa = XCSwiftPackageProductDependency;
			package = 4279AFE92C6A070300952A83 /* XCRemoteSwiftPackageReference "Sparkle" */;
			productName = Sparkle;
		};
		FBCA04D82D9F02F700271163 /* Kingfisher */ = {
			isa = XCSwiftPackageProductDependency;
			package = FB00D5262D824E2C00A37486 /* XCRemoteSwiftPackageReference "Kingfisher" */;
			productName = Kingfisher;
		};
/* End XCSwiftPackageProductDependency section */
	};
	rootObject = 427C17DF2BD311B400955B98 /* Project object */;
}
